// !$*UTF8*$!
{
	archiveVersion = 1;
	classes = {
	};
	objectVersion = 51;
	objects = {

/* Begin PBXBuildFile section */
		18B94CBA1AAE6C9BCAC4BB1B /* Pods_Contax.framework in Frameworks */ = {isa = PBXBuildFile; fileRef = D693E37EC973C0D9DF2EB974 /* Pods_Contax.framework */; };
		1F9B3805735430F76BD99FA6 /* Pods_Contax_ContaxUITests.framework in Frameworks */ = {isa = PBXBuildFile; fileRef = D068B0DAEEDAF50E071F2C7E /* Pods_Contax_ContaxUITests.framework */; };
		7F09930527C287B40027ABE0 /* HelperFunctions.swift in Sources */ = {isa = PBXBuildFile; fileRef = 7F09930427C287B40027ABE0 /* HelperFunctions.swift */; };
		7F18F454250DAED40055EEB5 /* RealmDataStructures.swift in Sources */ = {isa = PBXBuildFile; fileRef = 7F18F453250DAED40055EEB5 /* RealmDataStructures.swift */; };
		7F980C7524C3500F0075CAC9 /* ContactDataTypes.swift in Sources */ = {isa = PBXBuildFile; fileRef = 7F980C7424C3500F0075CAC9 /* ContactDataTypes.swift */; };
		7FD3007824C2BB2A0011CF5C /* ContaxApp.swift in Sources */ = {isa = PBXBuildFile; fileRef = 7FD3007724C2BB2A0011CF5C /* ContaxApp.swift */; };
		7FD3007A24C2BB2A0011CF5C /* ContactListView.swift in Sources */ = {isa = PBXBuildFile; fileRef = 7FD3007924C2BB2A0011CF5C /* ContactListView.swift */; };
		7FD3007C24C2BB2E0011CF5C /* Assets.xcassets in Resources */ = {isa = PBXBuildFile; fileRef = 7FD3007B24C2BB2E0011CF5C /* Assets.xcassets */; };
		7FD3007F24C2BB2E0011CF5C /* Preview Assets.xcassets in Resources */ = {isa = PBXBuildFile; fileRef = 7FD3007E24C2BB2E0011CF5C /* Preview Assets.xcassets */; };
		7FD3008A24C2BB2E0011CF5C /* ContaxTests.swift in Sources */ = {isa = PBXBuildFile; fileRef = 7FD3008924C2BB2E0011CF5C /* ContaxTests.swift */; };
		7FD3009524C2BB2E0011CF5C /* ContaxUITests.swift in Sources */ = {isa = PBXBuildFile; fileRef = 7FD3009424C2BB2E0011CF5C /* ContaxUITests.swift */; };
		7FD300A524C2D6CE0011CF5C /* ContactsModel.swift in Sources */ = {isa = PBXBuildFile; fileRef = 7FD300A424C2D6CE0011CF5C /* ContactsModel.swift */; };
		7FF8F95024CD3E92002B7D64 /* SingleContactView.swift in Sources */ = {isa = PBXBuildFile; fileRef = 7FF8F94F24CD3E92002B7D64 /* SingleContactView.swift */; };
		7FF8F95224CD4B0B002B7D64 /* ContactWidget.swift in Sources */ = {isa = PBXBuildFile; fileRef = 7FF8F95124CD4B0B002B7D64 /* ContactWidget.swift */; };
		7FF8F95624CD5B37002B7D64 /* ContactWidgetGrid.swift in Sources */ = {isa = PBXBuildFile; fileRef = 7FF8F95524CD5B37002B7D64 /* ContactWidgetGrid.swift */; };
		7FF8F95824CD5C1C002B7D64 /* ContactNote.swift in Sources */ = {isa = PBXBuildFile; fileRef = 7FF8F95724CD5C1C002B7D64 /* ContactNote.swift */; };
		7FF8F95D24CD8F17002B7D64 /* ContactImageSection.swift in Sources */ = {isa = PBXBuildFile; fileRef = 7FF8F95C24CD8F17002B7D64 /* ContactImageSection.swift */; };
		7FF8F95F24CD91B8002B7D64 /* ContactNotesSection.swift in Sources */ = {isa = PBXBuildFile; fileRef = 7FF8F95E24CD91B8002B7D64 /* ContactNotesSection.swift */; };
		E7848794628C76210D872A83 /* Pods_ContaxTests.framework in Frameworks */ = {isa = PBXBuildFile; fileRef = 2491CAF9F5D5F0C22E72D3B1 /* Pods_ContaxTests.framework */; };
/* End PBXBuildFile section */

/* Begin PBXContainerItemProxy section */
		7FD3008624C2BB2E0011CF5C /* PBXContainerItemProxy */ = {
			isa = PBXContainerItemProxy;
			containerPortal = 7FD3006C24C2BB2A0011CF5C /* Project object */;
			proxyType = 1;
			remoteGlobalIDString = 7FD3007324C2BB2A0011CF5C;
			remoteInfo = Dex;
		};
		7FD3009124C2BB2E0011CF5C /* PBXContainerItemProxy */ = {
			isa = PBXContainerItemProxy;
			containerPortal = 7FD3006C24C2BB2A0011CF5C /* Project object */;
			proxyType = 1;
			remoteGlobalIDString = 7FD3007324C2BB2A0011CF5C;
			remoteInfo = Dex;
		};
/* End PBXContainerItemProxy section */

/* Begin PBXFileReference section */
		2491CAF9F5D5F0C22E72D3B1 /* Pods_ContaxTests.framework */ = {isa = PBXFileReference; explicitFileType = wrapper.framework; includeInIndex = 0; path = Pods_ContaxTests.framework; sourceTree = BUILT_PRODUCTS_DIR; };
		28A52B0FF95F6C86A817CE8A /* Pods-ContaxTests.debug.xcconfig */ = {isa = PBXFileReference; includeInIndex = 1; lastKnownFileType = text.xcconfig; name = "Pods-ContaxTests.debug.xcconfig"; path = "Target Support Files/Pods-ContaxTests/Pods-ContaxTests.debug.xcconfig"; sourceTree = "<group>"; };
		2D6D1DA0DD05D4D5B98ED5AE /* Pods-DexTests.release.xcconfig */ = {isa = PBXFileReference; includeInIndex = 1; lastKnownFileType = text.xcconfig; name = "Pods-DexTests.release.xcconfig"; path = "Target Support Files/Pods-DexTests/Pods-DexTests.release.xcconfig"; sourceTree = "<group>"; };
		636E7072080ADB599F6A3B7B /* Pods-Dex.debug.xcconfig */ = {isa = PBXFileReference; includeInIndex = 1; lastKnownFileType = text.xcconfig; name = "Pods-Dex.debug.xcconfig"; path = "Target Support Files/Pods-Dex/Pods-Dex.debug.xcconfig"; sourceTree = "<group>"; };
		643613C799C124D7CDA1F7B5 /* Pods-Contax.release.xcconfig */ = {isa = PBXFileReference; includeInIndex = 1; lastKnownFileType = text.xcconfig; name = "Pods-Contax.release.xcconfig"; path = "Target Support Files/Pods-Contax/Pods-Contax.release.xcconfig"; sourceTree = "<group>"; };
		6C4563CACBBD0D0B4791DFE0 /* Pods-Contax-ContaxUITests.release.xcconfig */ = {isa = PBXFileReference; includeInIndex = 1; lastKnownFileType = text.xcconfig; name = "Pods-Contax-ContaxUITests.release.xcconfig"; path = "Target Support Files/Pods-Contax-ContaxUITests/Pods-Contax-ContaxUITests.release.xcconfig"; sourceTree = "<group>"; };
		6CF177A96CA1D29BED25DB42 /* Pods-ContaxTests.release.xcconfig */ = {isa = PBXFileReference; includeInIndex = 1; lastKnownFileType = text.xcconfig; name = "Pods-ContaxTests.release.xcconfig"; path = "Target Support Files/Pods-ContaxTests/Pods-ContaxTests.release.xcconfig"; sourceTree = "<group>"; };
		76B320B164663EB39C989D0C /* Pods-Dex-DexUITests.release.xcconfig */ = {isa = PBXFileReference; includeInIndex = 1; lastKnownFileType = text.xcconfig; name = "Pods-Dex-DexUITests.release.xcconfig"; path = "Target Support Files/Pods-Dex-DexUITests/Pods-Dex-DexUITests.release.xcconfig"; sourceTree = "<group>"; };
		7F09930427C287B40027ABE0 /* HelperFunctions.swift */ = {isa = PBXFileReference; lastKnownFileType = sourcecode.swift; name = HelperFunctions.swift; path = HelperFunctions/HelperFunctions.swift; sourceTree = "<group>"; };
		7F18F453250DAED40055EEB5 /* RealmDataStructures.swift */ = {isa = PBXFileReference; lastKnownFileType = sourcecode.swift; path = RealmDataStructures.swift; sourceTree = "<group>"; };
		7F980C7424C3500F0075CAC9 /* ContactDataTypes.swift */ = {isa = PBXFileReference; lastKnownFileType = sourcecode.swift; path = ContactDataTypes.swift; sourceTree = "<group>"; };
		7F980C7824C360120075CAC9 /* Contax.entitlements */ = {isa = PBXFileReference; lastKnownFileType = text.plist.entitlements; name = Contax.entitlements; path = Contax/Contax.entitlements; sourceTree = "<group>"; };
		7FD3007424C2BB2A0011CF5C /* Contax.app */ = {isa = PBXFileReference; explicitFileType = wrapper.application; includeInIndex = 0; path = Contax.app; sourceTree = BUILT_PRODUCTS_DIR; };
		7FD3007724C2BB2A0011CF5C /* ContaxApp.swift */ = {isa = PBXFileReference; lastKnownFileType = sourcecode.swift; path = ContaxApp.swift; sourceTree = "<group>"; };
		7FD3007924C2BB2A0011CF5C /* ContactListView.swift */ = {isa = PBXFileReference; lastKnownFileType = sourcecode.swift; path = ContactListView.swift; sourceTree = "<group>"; };
		7FD3007B24C2BB2E0011CF5C /* Assets.xcassets */ = {isa = PBXFileReference; lastKnownFileType = folder.assetcatalog; name = Assets.xcassets; path = Contax/Assets.xcassets; sourceTree = "<group>"; };
		7FD3007E24C2BB2E0011CF5C /* Preview Assets.xcassets */ = {isa = PBXFileReference; lastKnownFileType = folder.assetcatalog; path = "Preview Assets.xcassets"; sourceTree = "<group>"; };
		7FD3008024C2BB2E0011CF5C /* Info.plist */ = {isa = PBXFileReference; lastKnownFileType = text.plist.xml; name = Info.plist; path = Contax/Info.plist; sourceTree = "<group>"; };
		7FD3008524C2BB2E0011CF5C /* ContaxTests.xctest */ = {isa = PBXFileReference; explicitFileType = wrapper.cfbundle; includeInIndex = 0; path = ContaxTests.xctest; sourceTree = BUILT_PRODUCTS_DIR; };
		7FD3008924C2BB2E0011CF5C /* ContaxTests.swift */ = {isa = PBXFileReference; lastKnownFileType = sourcecode.swift; path = ContaxTests.swift; sourceTree = "<group>"; };
		7FD3008B24C2BB2E0011CF5C /* Info.plist */ = {isa = PBXFileReference; lastKnownFileType = text.plist.xml; path = Info.plist; sourceTree = "<group>"; };
		7FD3009024C2BB2E0011CF5C /* ContaxUITests.xctest */ = {isa = PBXFileReference; explicitFileType = wrapper.cfbundle; includeInIndex = 0; path = ContaxUITests.xctest; sourceTree = BUILT_PRODUCTS_DIR; };
		7FD3009424C2BB2E0011CF5C /* ContaxUITests.swift */ = {isa = PBXFileReference; lastKnownFileType = sourcecode.swift; path = ContaxUITests.swift; sourceTree = "<group>"; };
		7FD3009624C2BB2E0011CF5C /* Info.plist */ = {isa = PBXFileReference; lastKnownFileType = text.plist.xml; path = Info.plist; sourceTree = "<group>"; };
		7FD300A424C2D6CE0011CF5C /* ContactsModel.swift */ = {isa = PBXFileReference; lastKnownFileType = sourcecode.swift; path = ContactsModel.swift; sourceTree = "<group>"; };
		7FF8F94F24CD3E92002B7D64 /* SingleContactView.swift */ = {isa = PBXFileReference; lastKnownFileType = sourcecode.swift; path = SingleContactView.swift; sourceTree = "<group>"; };
		7FF8F95124CD4B0B002B7D64 /* ContactWidget.swift */ = {isa = PBXFileReference; lastKnownFileType = sourcecode.swift; path = ContactWidget.swift; sourceTree = "<group>"; };
		7FF8F95524CD5B37002B7D64 /* ContactWidgetGrid.swift */ = {isa = PBXFileReference; lastKnownFileType = sourcecode.swift; path = ContactWidgetGrid.swift; sourceTree = "<group>"; };
		7FF8F95724CD5C1C002B7D64 /* ContactNote.swift */ = {isa = PBXFileReference; lastKnownFileType = sourcecode.swift; path = ContactNote.swift; sourceTree = "<group>"; };
		7FF8F95C24CD8F17002B7D64 /* ContactImageSection.swift */ = {isa = PBXFileReference; lastKnownFileType = sourcecode.swift; path = ContactImageSection.swift; sourceTree = "<group>"; };
		7FF8F95E24CD91B8002B7D64 /* ContactNotesSection.swift */ = {isa = PBXFileReference; lastKnownFileType = sourcecode.swift; path = ContactNotesSection.swift; sourceTree = "<group>"; };
		C17A33027EF6D126174F98AA /* Pods-Dex.release.xcconfig */ = {isa = PBXFileReference; includeInIndex = 1; lastKnownFileType = text.xcconfig; name = "Pods-Dex.release.xcconfig"; path = "Target Support Files/Pods-Dex/Pods-Dex.release.xcconfig"; sourceTree = "<group>"; };
		CBAE12D618A5CFCEC26C7F52 /* Pods-DexTests.debug.xcconfig */ = {isa = PBXFileReference; includeInIndex = 1; lastKnownFileType = text.xcconfig; name = "Pods-DexTests.debug.xcconfig"; path = "Target Support Files/Pods-DexTests/Pods-DexTests.debug.xcconfig"; sourceTree = "<group>"; };
		D068B0DAEEDAF50E071F2C7E /* Pods_Contax_ContaxUITests.framework */ = {isa = PBXFileReference; explicitFileType = wrapper.framework; includeInIndex = 0; path = Pods_Contax_ContaxUITests.framework; sourceTree = BUILT_PRODUCTS_DIR; };
		D2042F372B181E97A0D00DE7 /* Pods-Dex-DexUITests.debug.xcconfig */ = {isa = PBXFileReference; includeInIndex = 1; lastKnownFileType = text.xcconfig; name = "Pods-Dex-DexUITests.debug.xcconfig"; path = "Target Support Files/Pods-Dex-DexUITests/Pods-Dex-DexUITests.debug.xcconfig"; sourceTree = "<group>"; };
		D693E37EC973C0D9DF2EB974 /* Pods_Contax.framework */ = {isa = PBXFileReference; explicitFileType = wrapper.framework; includeInIndex = 0; path = Pods_Contax.framework; sourceTree = BUILT_PRODUCTS_DIR; };
		EA09339B4A797582A26556FC /* Pods-Contax-ContaxUITests.debug.xcconfig */ = {isa = PBXFileReference; includeInIndex = 1; lastKnownFileType = text.xcconfig; name = "Pods-Contax-ContaxUITests.debug.xcconfig"; path = "Target Support Files/Pods-Contax-ContaxUITests/Pods-Contax-ContaxUITests.debug.xcconfig"; sourceTree = "<group>"; };
		EB2C1E45916D20EE26448693 /* Pods-Contax.debug.xcconfig */ = {isa = PBXFileReference; includeInIndex = 1; lastKnownFileType = text.xcconfig; name = "Pods-Contax.debug.xcconfig"; path = "Target Support Files/Pods-Contax/Pods-Contax.debug.xcconfig"; sourceTree = "<group>"; };
/* End PBXFileReference section */

/* Begin PBXFrameworksBuildPhase section */
		7FD3007124C2BB2A0011CF5C /* Frameworks */ = {
			isa = PBXFrameworksBuildPhase;
			buildActionMask = 2147483647;
			files = (
				18B94CBA1AAE6C9BCAC4BB1B /* Pods_Contax.framework in Frameworks */,
			);
			runOnlyForDeploymentPostprocessing = 0;
		};
		7FD3008224C2BB2E0011CF5C /* Frameworks */ = {
			isa = PBXFrameworksBuildPhase;
			buildActionMask = 2147483647;
			files = (
				E7848794628C76210D872A83 /* Pods_ContaxTests.framework in Frameworks */,
			);
			runOnlyForDeploymentPostprocessing = 0;
		};
		7FD3008D24C2BB2E0011CF5C /* Frameworks */ = {
			isa = PBXFrameworksBuildPhase;
			buildActionMask = 2147483647;
			files = (
				1F9B3805735430F76BD99FA6 /* Pods_Contax_ContaxUITests.framework in Frameworks */,
			);
			runOnlyForDeploymentPostprocessing = 0;
		};
/* End PBXFrameworksBuildPhase section */

/* Begin PBXGroup section */
		5E4D44EB6CC97845F07AA07A /* Pods */ = {
			isa = PBXGroup;
			children = (
				636E7072080ADB599F6A3B7B /* Pods-Dex.debug.xcconfig */,
				C17A33027EF6D126174F98AA /* Pods-Dex.release.xcconfig */,
				D2042F372B181E97A0D00DE7 /* Pods-Dex-DexUITests.debug.xcconfig */,
				76B320B164663EB39C989D0C /* Pods-Dex-DexUITests.release.xcconfig */,
				CBAE12D618A5CFCEC26C7F52 /* Pods-DexTests.debug.xcconfig */,
				2D6D1DA0DD05D4D5B98ED5AE /* Pods-DexTests.release.xcconfig */,
				EB2C1E45916D20EE26448693 /* Pods-Contax.debug.xcconfig */,
				643613C799C124D7CDA1F7B5 /* Pods-Contax.release.xcconfig */,
				EA09339B4A797582A26556FC /* Pods-Contax-ContaxUITests.debug.xcconfig */,
				6C4563CACBBD0D0B4791DFE0 /* Pods-Contax-ContaxUITests.release.xcconfig */,
				28A52B0FF95F6C86A817CE8A /* Pods-ContaxTests.debug.xcconfig */,
				6CF177A96CA1D29BED25DB42 /* Pods-ContaxTests.release.xcconfig */,
			);
			path = Pods;
			sourceTree = "<group>";
		};
		7F2EAEA6252F5A8400A488BD /* SingleContactView */ = {
			isa = PBXGroup;
			children = (
				7FF8F95124CD4B0B002B7D64 /* ContactWidget.swift */,
				7FF8F95524CD5B37002B7D64 /* ContactWidgetGrid.swift */,
				7FF8F95724CD5C1C002B7D64 /* ContactNote.swift */,
				7FF8F95C24CD8F17002B7D64 /* ContactImageSection.swift */,
				7FF8F95E24CD91B8002B7D64 /* ContactNotesSection.swift */,
			);
			path = SingleContactView;
			sourceTree = "<group>";
		};
		7F9B1DD624C46EE600A490A6 /* Components */ = {
			isa = PBXGroup;
			children = (
				7F2EAEA6252F5A8400A488BD /* SingleContactView */,
			);
			path = Components;
			sourceTree = "<group>";
		};
		7F9B1DD724C46EFA00A490A6 /* Screens */ = {
			isa = PBXGroup;
			children = (
				7FD3007924C2BB2A0011CF5C /* ContactListView.swift */,
				7FF8F94F24CD3E92002B7D64 /* SingleContactView.swift */,
			);
			path = Screens;
			sourceTree = "<group>";
		};
		7FD3006B24C2BB2A0011CF5C = {
			isa = PBXGroup;
			children = (
				7FD3007624C2BB2A0011CF5C /* Contax */,
				7FD3008824C2BB2E0011CF5C /* ContaxTests */,
				7FD3009324C2BB2E0011CF5C /* ContaxUITests */,
				7FD3007524C2BB2A0011CF5C /* Products */,
				5E4D44EB6CC97845F07AA07A /* Pods */,
				9BB6E01263A66D9E24D18FD7 /* Frameworks */,
			);
			sourceTree = "<group>";
		};
		7FD3007524C2BB2A0011CF5C /* Products */ = {
			isa = PBXGroup;
			children = (
				7FD3007424C2BB2A0011CF5C /* Contax.app */,
				7FD3008524C2BB2E0011CF5C /* ContaxTests.xctest */,
				7FD3009024C2BB2E0011CF5C /* ContaxUITests.xctest */,
			);
			name = Products;
			sourceTree = "<group>";
		};
		7FD3007624C2BB2A0011CF5C /* Contax */ = {
			isa = PBXGroup;
			children = (
				7FD300A324C2D6BC0011CF5C /* View */,
				7FD300A224C2D6B60011CF5C /* Model */,
				7FD3007B24C2BB2E0011CF5C /* Assets.xcassets */,
				7F980C7824C360120075CAC9 /* Contax.entitlements */,
				7FD3008024C2BB2E0011CF5C /* Info.plist */,
				7FD3007D24C2BB2E0011CF5C /* Preview Content */,
			);
			name = Contax;
			sourceTree = "<group>";
		};
		7FD3007D24C2BB2E0011CF5C /* Preview Content */ = {
			isa = PBXGroup;
			children = (
				7FD3007E24C2BB2E0011CF5C /* Preview Assets.xcassets */,
			);
			name = "Preview Content";
			path = "Contax/Preview Content";
			sourceTree = "<group>";
		};
		7FD3008824C2BB2E0011CF5C /* ContaxTests */ = {
			isa = PBXGroup;
			children = (
				7FD3008924C2BB2E0011CF5C /* ContaxTests.swift */,
				7FD3008B24C2BB2E0011CF5C /* Info.plist */,
			);
			path = ContaxTests;
			sourceTree = "<group>";
		};
		7FD3009324C2BB2E0011CF5C /* ContaxUITests */ = {
			isa = PBXGroup;
			children = (
				7FD3009424C2BB2E0011CF5C /* ContaxUITests.swift */,
				7FD3009624C2BB2E0011CF5C /* Info.plist */,
			);
			path = ContaxUITests;
			sourceTree = "<group>";
		};
		7FD300A224C2D6B60011CF5C /* Model */ = {
			isa = PBXGroup;
			children = (
				7F09930427C287B40027ABE0 /* HelperFunctions.swift */,
				7FD300A424C2D6CE0011CF5C /* ContactsModel.swift */,
				7F980C7424C3500F0075CAC9 /* ContactDataTypes.swift */,
				7F18F453250DAED40055EEB5 /* RealmDataStructures.swift */,
			);
			name = Model;
			path = Contax/Model;
			sourceTree = "<group>";
		};
		7FD300A324C2D6BC0011CF5C /* View */ = {
			isa = PBXGroup;
			children = (
				7FD3007724C2BB2A0011CF5C /* ContaxApp.swift */,
				7F9B1DD724C46EFA00A490A6 /* Screens */,
				7F9B1DD624C46EE600A490A6 /* Components */,
			);
			name = View;
			path = Contax/View;
			sourceTree = "<group>";
		};
		9BB6E01263A66D9E24D18FD7 /* Frameworks */ = {
			isa = PBXGroup;
			children = (
				D693E37EC973C0D9DF2EB974 /* Pods_Contax.framework */,
				D068B0DAEEDAF50E071F2C7E /* Pods_Contax_ContaxUITests.framework */,
				2491CAF9F5D5F0C22E72D3B1 /* Pods_ContaxTests.framework */,
			);
			name = Frameworks;
			sourceTree = "<group>";
		};
/* End PBXGroup section */

/* Begin PBXNativeTarget section */
		7FD3007324C2BB2A0011CF5C /* Contax */ = {
			isa = PBXNativeTarget;
			buildConfigurationList = 7FD3009924C2BB2E0011CF5C /* Build configuration list for PBXNativeTarget "Contax" */;
			buildPhases = (
				093532BBC065C84F8797A965 /* [CP] Check Pods Manifest.lock */,
				7FD3007024C2BB2A0011CF5C /* Sources */,
				7FD3007124C2BB2A0011CF5C /* Frameworks */,
				7FD3007224C2BB2A0011CF5C /* Resources */,
				7D3703363C9342D8074BED2C /* [CP] Embed Pods Frameworks */,
			);
			buildRules = (
			);
			dependencies = (
			);
			name = Contax;
			productName = Dex;
			productReference = 7FD3007424C2BB2A0011CF5C /* Contax.app */;
			productType = "com.apple.product-type.application";
		};
		7FD3008424C2BB2E0011CF5C /* ContaxTests */ = {
			isa = PBXNativeTarget;
			buildConfigurationList = 7FD3009C24C2BB2E0011CF5C /* Build configuration list for PBXNativeTarget "ContaxTests" */;
			buildPhases = (
				2CC828C2AC5E25BB8A2072F5 /* [CP] Check Pods Manifest.lock */,
				7FD3008124C2BB2E0011CF5C /* Sources */,
				7FD3008224C2BB2E0011CF5C /* Frameworks */,
				7FD3008324C2BB2E0011CF5C /* Resources */,
			);
			buildRules = (
			);
			dependencies = (
				7FD3008724C2BB2E0011CF5C /* PBXTargetDependency */,
			);
			name = ContaxTests;
			productName = DexTests;
			productReference = 7FD3008524C2BB2E0011CF5C /* ContaxTests.xctest */;
			productType = "com.apple.product-type.bundle.unit-test";
		};
		7FD3008F24C2BB2E0011CF5C /* ContaxUITests */ = {
			isa = PBXNativeTarget;
			buildConfigurationList = 7FD3009F24C2BB2E0011CF5C /* Build configuration list for PBXNativeTarget "ContaxUITests" */;
			buildPhases = (
				F8F40ABCCE23EB8AFF723A30 /* [CP] Check Pods Manifest.lock */,
				7FD3008C24C2BB2E0011CF5C /* Sources */,
				7FD3008D24C2BB2E0011CF5C /* Frameworks */,
				7FD3008E24C2BB2E0011CF5C /* Resources */,
				1E757D7FDFA7D03303909A8C /* [CP] Embed Pods Frameworks */,
			);
			buildRules = (
			);
			dependencies = (
				7FD3009224C2BB2E0011CF5C /* PBXTargetDependency */,
			);
			name = ContaxUITests;
			productName = DexUITests;
			productReference = 7FD3009024C2BB2E0011CF5C /* ContaxUITests.xctest */;
			productType = "com.apple.product-type.bundle.ui-testing";
		};
/* End PBXNativeTarget section */

/* Begin PBXProject section */
		7FD3006C24C2BB2A0011CF5C /* Project object */ = {
			isa = PBXProject;
			attributes = {
				LastSwiftUpdateCheck = 1200;
				LastUpgradeCheck = 1200;
				TargetAttributes = {
					7FD3007324C2BB2A0011CF5C = {
						CreatedOnToolsVersion = 12.0;
					};
					7FD3008424C2BB2E0011CF5C = {
						CreatedOnToolsVersion = 12.0;
						TestTargetID = 7FD3007324C2BB2A0011CF5C;
					};
					7FD3008F24C2BB2E0011CF5C = {
						CreatedOnToolsVersion = 12.0;
						TestTargetID = 7FD3007324C2BB2A0011CF5C;
					};
				};
			};
			buildConfigurationList = 7FD3006F24C2BB2A0011CF5C /* Build configuration list for PBXProject "Contax" */;
			compatibilityVersion = "Xcode 9.3";
			developmentRegion = en;
			hasScannedForEncodings = 0;
			knownRegions = (
				en,
				Base,
			);
			mainGroup = 7FD3006B24C2BB2A0011CF5C;
			productRefGroup = 7FD3007524C2BB2A0011CF5C /* Products */;
			projectDirPath = "";
			projectRoot = "";
			targets = (
				7FD3007324C2BB2A0011CF5C /* Contax */,
				7FD3008424C2BB2E0011CF5C /* ContaxTests */,
				7FD3008F24C2BB2E0011CF5C /* ContaxUITests */,
			);
		};
/* End PBXProject section */

/* Begin PBXResourcesBuildPhase section */
		7FD3007224C2BB2A0011CF5C /* Resources */ = {
			isa = PBXResourcesBuildPhase;
			buildActionMask = 2147483647;
			files = (
				7FD3007F24C2BB2E0011CF5C /* Preview Assets.xcassets in Resources */,
				7FD3007C24C2BB2E0011CF5C /* Assets.xcassets in Resources */,
			);
			runOnlyForDeploymentPostprocessing = 0;
		};
		7FD3008324C2BB2E0011CF5C /* Resources */ = {
			isa = PBXResourcesBuildPhase;
			buildActionMask = 2147483647;
			files = (
			);
			runOnlyForDeploymentPostprocessing = 0;
		};
		7FD3008E24C2BB2E0011CF5C /* Resources */ = {
			isa = PBXResourcesBuildPhase;
			buildActionMask = 2147483647;
			files = (
			);
			runOnlyForDeploymentPostprocessing = 0;
		};
/* End PBXResourcesBuildPhase section */

/* Begin PBXShellScriptBuildPhase section */
		093532BBC065C84F8797A965 /* [CP] Check Pods Manifest.lock */ = {
			isa = PBXShellScriptBuildPhase;
			buildActionMask = 2147483647;
			files = (
			);
			inputFileListPaths = (
			);
			inputPaths = (
				"${PODS_PODFILE_DIR_PATH}/Podfile.lock",
				"${PODS_ROOT}/Manifest.lock",
			);
			name = "[CP] Check Pods Manifest.lock";
			outputFileListPaths = (
			);
			outputPaths = (
				"$(DERIVED_FILE_DIR)/Pods-Contax-checkManifestLockResult.txt",
			);
			runOnlyForDeploymentPostprocessing = 0;
			shellPath = /bin/sh;
			shellScript = "diff \"${PODS_PODFILE_DIR_PATH}/Podfile.lock\" \"${PODS_ROOT}/Manifest.lock\" > /dev/null\nif [ $? != 0 ] ; then\n    # print error to STDERR\n    echo \"error: The sandbox is not in sync with the Podfile.lock. Run 'pod install' or update your CocoaPods installation.\" >&2\n    exit 1\nfi\n# This output is used by Xcode 'outputs' to avoid re-running this script phase.\necho \"SUCCESS\" > \"${SCRIPT_OUTPUT_FILE_0}\"\n";
			showEnvVarsInLog = 0;
		};
		1E757D7FDFA7D03303909A8C /* [CP] Embed Pods Frameworks */ = {
			isa = PBXShellScriptBuildPhase;
			buildActionMask = 2147483647;
			files = (
			);
			inputFileListPaths = (
				"${PODS_ROOT}/Target Support Files/Pods-Contax-ContaxUITests/Pods-Contax-ContaxUITests-frameworks-${CONFIGURATION}-input-files.xcfilelist",
			);
			name = "[CP] Embed Pods Frameworks";
			outputFileListPaths = (
				"${PODS_ROOT}/Target Support Files/Pods-Contax-ContaxUITests/Pods-Contax-ContaxUITests-frameworks-${CONFIGURATION}-output-files.xcfilelist",
			);
			runOnlyForDeploymentPostprocessing = 0;
			shellPath = /bin/sh;
			shellScript = "\"${PODS_ROOT}/Target Support Files/Pods-Contax-ContaxUITests/Pods-Contax-ContaxUITests-frameworks.sh\"\n";
			showEnvVarsInLog = 0;
		};
		2CC828C2AC5E25BB8A2072F5 /* [CP] Check Pods Manifest.lock */ = {
			isa = PBXShellScriptBuildPhase;
			buildActionMask = 2147483647;
			files = (
			);
			inputFileListPaths = (
			);
			inputPaths = (
				"${PODS_PODFILE_DIR_PATH}/Podfile.lock",
				"${PODS_ROOT}/Manifest.lock",
			);
			name = "[CP] Check Pods Manifest.lock";
			outputFileListPaths = (
			);
			outputPaths = (
				"$(DERIVED_FILE_DIR)/Pods-ContaxTests-checkManifestLockResult.txt",
			);
			runOnlyForDeploymentPostprocessing = 0;
			shellPath = /bin/sh;
			shellScript = "diff \"${PODS_PODFILE_DIR_PATH}/Podfile.lock\" \"${PODS_ROOT}/Manifest.lock\" > /dev/null\nif [ $? != 0 ] ; then\n    # print error to STDERR\n    echo \"error: The sandbox is not in sync with the Podfile.lock. Run 'pod install' or update your CocoaPods installation.\" >&2\n    exit 1\nfi\n# This output is used by Xcode 'outputs' to avoid re-running this script phase.\necho \"SUCCESS\" > \"${SCRIPT_OUTPUT_FILE_0}\"\n";
			showEnvVarsInLog = 0;
		};
		7D3703363C9342D8074BED2C /* [CP] Embed Pods Frameworks */ = {
			isa = PBXShellScriptBuildPhase;
			buildActionMask = 2147483647;
			files = (
			);
			inputFileListPaths = (
				"${PODS_ROOT}/Target Support Files/Pods-Contax/Pods-Contax-frameworks-${CONFIGURATION}-input-files.xcfilelist",
			);
			name = "[CP] Embed Pods Frameworks";
			outputFileListPaths = (
				"${PODS_ROOT}/Target Support Files/Pods-Contax/Pods-Contax-frameworks-${CONFIGURATION}-output-files.xcfilelist",
			);
			runOnlyForDeploymentPostprocessing = 0;
			shellPath = /bin/sh;
			shellScript = "\"${PODS_ROOT}/Target Support Files/Pods-Contax/Pods-Contax-frameworks.sh\"\n";
			showEnvVarsInLog = 0;
		};
		F8F40ABCCE23EB8AFF723A30 /* [CP] Check Pods Manifest.lock */ = {
			isa = PBXShellScriptBuildPhase;
			buildActionMask = 2147483647;
			files = (
			);
			inputFileListPaths = (
			);
			inputPaths = (
				"${PODS_PODFILE_DIR_PATH}/Podfile.lock",
				"${PODS_ROOT}/Manifest.lock",
			);
			name = "[CP] Check Pods Manifest.lock";
			outputFileListPaths = (
			);
			outputPaths = (
				"$(DERIVED_FILE_DIR)/Pods-Contax-ContaxUITests-checkManifestLockResult.txt",
			);
			runOnlyForDeploymentPostprocessing = 0;
			shellPath = /bin/sh;
			shellScript = "diff \"${PODS_PODFILE_DIR_PATH}/Podfile.lock\" \"${PODS_ROOT}/Manifest.lock\" > /dev/null\nif [ $? != 0 ] ; then\n    # print error to STDERR\n    echo \"error: The sandbox is not in sync with the Podfile.lock. Run 'pod install' or update your CocoaPods installation.\" >&2\n    exit 1\nfi\n# This output is used by Xcode 'outputs' to avoid re-running this script phase.\necho \"SUCCESS\" > \"${SCRIPT_OUTPUT_FILE_0}\"\n";
			showEnvVarsInLog = 0;
		};
/* End PBXShellScriptBuildPhase section */

/* Begin PBXSourcesBuildPhase section */
		7FD3007024C2BB2A0011CF5C /* Sources */ = {
			isa = PBXSourcesBuildPhase;
			buildActionMask = 2147483647;
			files = (
				7FF8F95D24CD8F17002B7D64 /* ContactImageSection.swift in Sources */,
				7FF8F95F24CD91B8002B7D64 /* ContactNotesSection.swift in Sources */,
				7FF8F95824CD5C1C002B7D64 /* ContactNote.swift in Sources */,
				7F09930527C287B40027ABE0 /* HelperFunctions.swift in Sources */,
				7FD3007A24C2BB2A0011CF5C /* ContactListView.swift in Sources */,
				7FF8F95624CD5B37002B7D64 /* ContactWidgetGrid.swift in Sources */,
				7F980C7524C3500F0075CAC9 /* ContactDataTypes.swift in Sources */,
				7F18F454250DAED40055EEB5 /* RealmDataStructures.swift in Sources */,
				7FF8F95024CD3E92002B7D64 /* SingleContactView.swift in Sources */,
				7FD3007824C2BB2A0011CF5C /* ContaxApp.swift in Sources */,
				7FD300A524C2D6CE0011CF5C /* ContactsModel.swift in Sources */,
				7FF8F95224CD4B0B002B7D64 /* ContactWidget.swift in Sources */,
			);
			runOnlyForDeploymentPostprocessing = 0;
		};
		7FD3008124C2BB2E0011CF5C /* Sources */ = {
			isa = PBXSourcesBuildPhase;
			buildActionMask = 2147483647;
			files = (
				7FD3008A24C2BB2E0011CF5C /* ContaxTests.swift in Sources */,
			);
			runOnlyForDeploymentPostprocessing = 0;
		};
		7FD3008C24C2BB2E0011CF5C /* Sources */ = {
			isa = PBXSourcesBuildPhase;
			buildActionMask = 2147483647;
			files = (
				7FD3009524C2BB2E0011CF5C /* ContaxUITests.swift in Sources */,
			);
			runOnlyForDeploymentPostprocessing = 0;
		};
/* End PBXSourcesBuildPhase section */

/* Begin PBXTargetDependency section */
		7FD3008724C2BB2E0011CF5C /* PBXTargetDependency */ = {
			isa = PBXTargetDependency;
			target = 7FD3007324C2BB2A0011CF5C /* Contax */;
			targetProxy = 7FD3008624C2BB2E0011CF5C /* PBXContainerItemProxy */;
		};
		7FD3009224C2BB2E0011CF5C /* PBXTargetDependency */ = {
			isa = PBXTargetDependency;
			target = 7FD3007324C2BB2A0011CF5C /* Contax */;
			targetProxy = 7FD3009124C2BB2E0011CF5C /* PBXContainerItemProxy */;
		};
/* End PBXTargetDependency section */

/* Begin XCBuildConfiguration section */
		7FD3009724C2BB2E0011CF5C /* Debug */ = {
			isa = XCBuildConfiguration;
			buildSettings = {
				ALWAYS_SEARCH_USER_PATHS = NO;
				CLANG_ANALYZER_NONNULL = YES;
				CLANG_ANALYZER_NUMBER_OBJECT_CONVERSION = YES_AGGRESSIVE;
				CLANG_CXX_LANGUAGE_STANDARD = "gnu++14";
				CLANG_CXX_LIBRARY = "libc++";
				CLANG_ENABLE_MODULES = YES;
				CLANG_ENABLE_OBJC_ARC = YES;
				CLANG_ENABLE_OBJC_WEAK = YES;
				CLANG_WARN_BLOCK_CAPTURE_AUTORELEASING = YES;
				CLANG_WARN_BOOL_CONVERSION = YES;
				CLANG_WARN_COMMA = YES;
				CLANG_WARN_CONSTANT_CONVERSION = YES;
				CLANG_WARN_DEPRECATED_OBJC_IMPLEMENTATIONS = YES;
				CLANG_WARN_DIRECT_OBJC_ISA_USAGE = YES_ERROR;
				CLANG_WARN_DOCUMENTATION_COMMENTS = YES;
				CLANG_WARN_EMPTY_BODY = YES;
				CLANG_WARN_ENUM_CONVERSION = YES;
				CLANG_WARN_INFINITE_RECURSION = YES;
				CLANG_WARN_INT_CONVERSION = YES;
				CLANG_WARN_NON_LITERAL_NULL_CONVERSION = YES;
				CLANG_WARN_OBJC_IMPLICIT_RETAIN_SELF = YES;
				CLANG_WARN_OBJC_LITERAL_CONVERSION = YES;
				CLANG_WARN_OBJC_ROOT_CLASS = YES_ERROR;
				CLANG_WARN_QUOTED_INCLUDE_IN_FRAMEWORK_HEADER = YES;
				CLANG_WARN_RANGE_LOOP_ANALYSIS = YES;
				CLANG_WARN_STRICT_PROTOTYPES = YES;
				CLANG_WARN_SUSPICIOUS_MOVE = YES;
				CLANG_WARN_UNGUARDED_AVAILABILITY = YES_AGGRESSIVE;
				CLANG_WARN_UNREACHABLE_CODE = YES;
				CLANG_WARN__DUPLICATE_METHOD_MATCH = YES;
				COPY_PHASE_STRIP = NO;
				DEBUG_INFORMATION_FORMAT = dwarf;
				ENABLE_STRICT_OBJC_MSGSEND = YES;
				ENABLE_TESTABILITY = YES;
				GCC_C_LANGUAGE_STANDARD = gnu11;
				GCC_DYNAMIC_NO_PIC = NO;
				GCC_NO_COMMON_BLOCKS = YES;
				GCC_OPTIMIZATION_LEVEL = 0;
				GCC_PREPROCESSOR_DEFINITIONS = (
					"DEBUG=1",
					"$(inherited)",
				);
				GCC_WARN_64_TO_32_BIT_CONVERSION = YES;
				GCC_WARN_ABOUT_RETURN_TYPE = YES_ERROR;
				GCC_WARN_UNDECLARED_SELECTOR = YES;
				GCC_WARN_UNINITIALIZED_AUTOS = YES_AGGRESSIVE;
				GCC_WARN_UNUSED_FUNCTION = YES;
				GCC_WARN_UNUSED_VARIABLE = YES;
				IPHONEOS_DEPLOYMENT_TARGET = 13.0;
				MTL_ENABLE_DEBUG_INFO = INCLUDE_SOURCE;
				MTL_FAST_MATH = YES;
				ONLY_ACTIVE_ARCH = YES;
				SDKROOT = iphoneos;
				SWIFT_ACTIVE_COMPILATION_CONDITIONS = DEBUG;
				SWIFT_OPTIMIZATION_LEVEL = "-Onone";
			};
			name = Debug;
		};
		7FD3009824C2BB2E0011CF5C /* Release */ = {
			isa = XCBuildConfiguration;
			buildSettings = {
				ALWAYS_SEARCH_USER_PATHS = NO;
				CLANG_ANALYZER_NONNULL = YES;
				CLANG_ANALYZER_NUMBER_OBJECT_CONVERSION = YES_AGGRESSIVE;
				CLANG_CXX_LANGUAGE_STANDARD = "gnu++14";
				CLANG_CXX_LIBRARY = "libc++";
				CLANG_ENABLE_MODULES = YES;
				CLANG_ENABLE_OBJC_ARC = YES;
				CLANG_ENABLE_OBJC_WEAK = YES;
				CLANG_WARN_BLOCK_CAPTURE_AUTORELEASING = YES;
				CLANG_WARN_BOOL_CONVERSION = YES;
				CLANG_WARN_COMMA = YES;
				CLANG_WARN_CONSTANT_CONVERSION = YES;
				CLANG_WARN_DEPRECATED_OBJC_IMPLEMENTATIONS = YES;
				CLANG_WARN_DIRECT_OBJC_ISA_USAGE = YES_ERROR;
				CLANG_WARN_DOCUMENTATION_COMMENTS = YES;
				CLANG_WARN_EMPTY_BODY = YES;
				CLANG_WARN_ENUM_CONVERSION = YES;
				CLANG_WARN_INFINITE_RECURSION = YES;
				CLANG_WARN_INT_CONVERSION = YES;
				CLANG_WARN_NON_LITERAL_NULL_CONVERSION = YES;
				CLANG_WARN_OBJC_IMPLICIT_RETAIN_SELF = YES;
				CLANG_WARN_OBJC_LITERAL_CONVERSION = YES;
				CLANG_WARN_OBJC_ROOT_CLASS = YES_ERROR;
				CLANG_WARN_QUOTED_INCLUDE_IN_FRAMEWORK_HEADER = YES;
				CLANG_WARN_RANGE_LOOP_ANALYSIS = YES;
				CLANG_WARN_STRICT_PROTOTYPES = YES;
				CLANG_WARN_SUSPICIOUS_MOVE = YES;
				CLANG_WARN_UNGUARDED_AVAILABILITY = YES_AGGRESSIVE;
				CLANG_WARN_UNREACHABLE_CODE = YES;
				CLANG_WARN__DUPLICATE_METHOD_MATCH = YES;
				COPY_PHASE_STRIP = NO;
				DEBUG_INFORMATION_FORMAT = "dwarf-with-dsym";
				ENABLE_NS_ASSERTIONS = NO;
				ENABLE_STRICT_OBJC_MSGSEND = YES;
				GCC_C_LANGUAGE_STANDARD = gnu11;
				GCC_NO_COMMON_BLOCKS = YES;
				GCC_WARN_64_TO_32_BIT_CONVERSION = YES;
				GCC_WARN_ABOUT_RETURN_TYPE = YES_ERROR;
				GCC_WARN_UNDECLARED_SELECTOR = YES;
				GCC_WARN_UNINITIALIZED_AUTOS = YES_AGGRESSIVE;
				GCC_WARN_UNUSED_FUNCTION = YES;
				GCC_WARN_UNUSED_VARIABLE = YES;
				IPHONEOS_DEPLOYMENT_TARGET = 13.0;
				MTL_ENABLE_DEBUG_INFO = NO;
				MTL_FAST_MATH = YES;
				SDKROOT = iphoneos;
				SWIFT_COMPILATION_MODE = wholemodule;
				SWIFT_OPTIMIZATION_LEVEL = "-O";
				VALIDATE_PRODUCT = YES;
			};
			name = Release;
		};
		7FD3009A24C2BB2E0011CF5C /* Debug */ = {
			isa = XCBuildConfiguration;
			baseConfigurationReference = EB2C1E45916D20EE26448693 /* Pods-Contax.debug.xcconfig */;
			buildSettings = {
				ASSETCATALOG_COMPILER_APPICON_NAME = AppIcon;
				ASSETCATALOG_COMPILER_GLOBAL_ACCENT_COLOR_NAME = AccentColor;
				CODE_SIGN_IDENTITY = "iPhone Developer";
				CODE_SIGN_STYLE = Manual;
				DEVELOPMENT_ASSET_PATHS = "\"Contax/Preview Content\"";
				DEVELOPMENT_TEAM = RPRR899TJ6;
				ENABLE_PREVIEWS = YES;
				INFOPLIST_FILE = Contax/Info.plist;
				IPHONEOS_DEPLOYMENT_TARGET = 14.0;
				LD_RUNPATH_SEARCH_PATHS = (
					"$(inherited)",
					"@executable_path/Frameworks",
				);
				PRODUCT_BUNDLE_IDENTIFIER = com.arpitbansal.contax;
				PRODUCT_NAME = "$(TARGET_NAME)";
				PROVISIONING_PROFILE_SPECIFIER = "Contax iOS Development Profile";
				SWIFT_VERSION = 5.0;
				TARGETED_DEVICE_FAMILY = 1;
			};
			name = Debug;
		};
		7FD3009B24C2BB2E0011CF5C /* Release */ = {
			isa = XCBuildConfiguration;
			baseConfigurationReference = 643613C799C124D7CDA1F7B5 /* Pods-Contax.release.xcconfig */;
			buildSettings = {
				ASSETCATALOG_COMPILER_APPICON_NAME = AppIcon;
				ASSETCATALOG_COMPILER_GLOBAL_ACCENT_COLOR_NAME = AccentColor;
				CODE_SIGN_IDENTITY = "iPhone Developer";
				CODE_SIGN_STYLE = Manual;
				DEVELOPMENT_ASSET_PATHS = "\"Contax/Preview Content\"";
				DEVELOPMENT_TEAM = RPRR899TJ6;
				ENABLE_PREVIEWS = YES;
				INFOPLIST_FILE = Contax/Info.plist;
				IPHONEOS_DEPLOYMENT_TARGET = 14.0;
				LD_RUNPATH_SEARCH_PATHS = (
					"$(inherited)",
					"@executable_path/Frameworks",
				);
				PRODUCT_BUNDLE_IDENTIFIER = com.arpitbansal.contax;
				PRODUCT_NAME = "$(TARGET_NAME)";
				PROVISIONING_PROFILE_SPECIFIER = "Contax iOS Development Profile";
				SWIFT_VERSION = 5.0;
				TARGETED_DEVICE_FAMILY = 1;
			};
			name = Release;
		};
		7FD3009D24C2BB2E0011CF5C /* Debug */ = {
			isa = XCBuildConfiguration;
			baseConfigurationReference = 28A52B0FF95F6C86A817CE8A /* Pods-ContaxTests.debug.xcconfig */;
			buildSettings = {
				ALWAYS_EMBED_SWIFT_STANDARD_LIBRARIES = YES;
				BUNDLE_LOADER = "$(TEST_HOST)";
				CODE_SIGN_STYLE = Automatic;
				DEVELOPMENT_TEAM = RPRR899TJ6;
				INFOPLIST_FILE = ContaxTests/Info.plist;
				IPHONEOS_DEPLOYMENT_TARGET = 14.0;
				LD_RUNPATH_SEARCH_PATHS = (
					"$(inherited)",
					"@executable_path/Frameworks",
					"@loader_path/Frameworks",
				);
				PRODUCT_BUNDLE_IDENTIFIER = com.arpitbansal.ContaxTests;
				PRODUCT_NAME = "$(TARGET_NAME)";
				SWIFT_VERSION = 5.0;
				TARGETED_DEVICE_FAMILY = "1,2";
				TEST_HOST = "$(BUILT_PRODUCTS_DIR)/Contax.app/Contax";
			};
			name = Debug;
		};
		7FD3009E24C2BB2E0011CF5C /* Release */ = {
			isa = XCBuildConfiguration;
			baseConfigurationReference = 6CF177A96CA1D29BED25DB42 /* Pods-ContaxTests.release.xcconfig */;
			buildSettings = {
				ALWAYS_EMBED_SWIFT_STANDARD_LIBRARIES = YES;
				BUNDLE_LOADER = "$(TEST_HOST)";
				CODE_SIGN_STYLE = Automatic;
				DEVELOPMENT_TEAM = RPRR899TJ6;
				INFOPLIST_FILE = ContaxTests/Info.plist;
				IPHONEOS_DEPLOYMENT_TARGET = 14.0;
				LD_RUNPATH_SEARCH_PATHS = (
					"$(inherited)",
					"@executable_path/Frameworks",
					"@loader_path/Frameworks",
				);
				PRODUCT_BUNDLE_IDENTIFIER = com.arpitbansal.ContaxTests;
				PRODUCT_NAME = "$(TARGET_NAME)";
				SWIFT_VERSION = 5.0;
				TARGETED_DEVICE_FAMILY = "1,2";
				TEST_HOST = "$(BUILT_PRODUCTS_DIR)/Contax.app/Contax";
			};
			name = Release;
		};
		7FD300A024C2BB2E0011CF5C /* Debug */ = {
			isa = XCBuildConfiguration;
			baseConfigurationReference = EA09339B4A797582A26556FC /* Pods-Contax-ContaxUITests.debug.xcconfig */;
			buildSettings = {
				ALWAYS_EMBED_SWIFT_STANDARD_LIBRARIES = YES;
				CODE_SIGN_STYLE = Automatic;
				DEVELOPMENT_TEAM = RPRR899TJ6;
				INFOPLIST_FILE = ContaxUITests/Info.plist;
				LD_RUNPATH_SEARCH_PATHS = (
					"$(inherited)",
					"@executable_path/Frameworks",
					"@loader_path/Frameworks",
				);
				PRODUCT_BUNDLE_IDENTIFIER = com.arpitbansal.ContaxUITests;
				PRODUCT_NAME = "$(TARGET_NAME)";
				SWIFT_VERSION = 5.0;
				TARGETED_DEVICE_FAMILY = "1,2";
				TEST_TARGET_NAME = Contax;
			};
			name = Debug;
		};
		7FD300A124C2BB2E0011CF5C /* Release */ = {
			isa = XCBuildConfiguration;
			baseConfigurationReference = 6C4563CACBBD0D0B4791DFE0 /* Pods-Contax-ContaxUITests.release.xcconfig */;
			buildSettings = {
				ALWAYS_EMBED_SWIFT_STANDARD_LIBRARIES = YES;
				CODE_SIGN_STYLE = Automatic;
				DEVELOPMENT_TEAM = RPRR899TJ6;
				INFOPLIST_FILE = ContaxUITests/Info.plist;
				LD_RUNPATH_SEARCH_PATHS = (
					"$(inherited)",
					"@executable_path/Frameworks",
					"@loader_path/Frameworks",
				);
				PRODUCT_BUNDLE_IDENTIFIER = com.arpitbansal.ContaxUITests;
				PRODUCT_NAME = "$(TARGET_NAME)";
				SWIFT_VERSION = 5.0;
				TARGETED_DEVICE_FAMILY = "1,2";
				TEST_TARGET_NAME = Contax;
			};
			name = Release;
		};
/* End XCBuildConfiguration section */

/* Begin XCConfigurationList section */
		7FD3006F24C2BB2A0011CF5C /* Build configuration list for PBXProject "Contax" */ = {
			isa = XCConfigurationList;
			buildConfigurations = (
				7FD3009724C2BB2E0011CF5C /* Debug */,
				7FD3009824C2BB2E0011CF5C /* Release */,
			);
			defaultConfigurationIsVisible = 0;
			defaultConfigurationName = Release;
		};
		7FD3009924C2BB2E0011CF5C /* Build configuration list for PBXNativeTarget "Contax" */ = {
			isa = XCConfigurationList;
			buildConfigurations = (
				7FD3009A24C2BB2E0011CF5C /* Debug */,
				7FD3009B24C2BB2E0011CF5C /* Release */,
			);
			defaultConfigurationIsVisible = 0;
			defaultConfigurationName = Release;
		};
		7FD3009C24C2BB2E0011CF5C /* Build configuration list for PBXNativeTarget "ContaxTests" */ = {
			isa = XCConfigurationList;
			buildConfigurations = (
				7FD3009D24C2BB2E0011CF5C /* Debug */,
				7FD3009E24C2BB2E0011CF5C /* Release */,
			);
			defaultConfigurationIsVisible = 0;
			defaultConfigurationName = Release;
		};
		7FD3009F24C2BB2E0011CF5C /* Build configuration list for PBXNativeTarget "ContaxUITests" */ = {
			isa = XCConfigurationList;
			buildConfigurations = (
				7FD300A024C2BB2E0011CF5C /* Debug */,
				7FD300A124C2BB2E0011CF5C /* Release */,
			);
			defaultConfigurationIsVisible = 0;
			defaultConfigurationName = Release;
		};
/* End XCConfigurationList section */
	};
	rootObject = 7FD3006C24C2BB2A0011CF5C /* Project object */;
}
