// !$*UTF8*$!
{
	archiveVersion = 1;
	classes = {
	};
	objectVersion = 51;
	objects = {

/* Begin PBXBuildFile section */
		7F18F454250DAED40055EEB5 /* RealmDataStructures.swift in Sources */ = {isa = PBXBuildFile; fileRef = 7F18F453250DAED40055EEB5 /* RealmDataStructures.swift */; };
		7F980C7524C3500F0075CAC9 /* ContactDataTypes.swift in Sources */ = {isa = PBXBuildFile; fileRef = 7F980C7424C3500F0075CAC9 /* ContactDataTypes.swift */; };
		7FD3007824C2BB2A0011CF5C /* DexApp.swift in Sources */ = {isa = PBXBuildFile; fileRef = 7FD3007724C2BB2A0011CF5C /* DexApp.swift */; };
		7FD3007A24C2BB2A0011CF5C /* ContactListView.swift in Sources */ = {isa = PBXBuildFile; fileRef = 7FD3007924C2BB2A0011CF5C /* ContactListView.swift */; };
		7FD3007C24C2BB2E0011CF5C /* Assets.xcassets in Resources */ = {isa = PBXBuildFile; fileRef = 7FD3007B24C2BB2E0011CF5C /* Assets.xcassets */; };
		7FD3007F24C2BB2E0011CF5C /* Preview Assets.xcassets in Resources */ = {isa = PBXBuildFile; fileRef = 7FD3007E24C2BB2E0011CF5C /* Preview Assets.xcassets */; };
		7FD3008A24C2BB2E0011CF5C /* DexTests.swift in Sources */ = {isa = PBXBuildFile; fileRef = 7FD3008924C2BB2E0011CF5C /* DexTests.swift */; };
		7FD3009524C2BB2E0011CF5C /* DexUITests.swift in Sources */ = {isa = PBXBuildFile; fileRef = 7FD3009424C2BB2E0011CF5C /* DexUITests.swift */; };
		7FD300A524C2D6CE0011CF5C /* ContactsModel.swift in Sources */ = {isa = PBXBuildFile; fileRef = 7FD300A424C2D6CE0011CF5C /* ContactsModel.swift */; };
		7FF8F95024CD3E92002B7D64 /* SingleContactView.swift in Sources */ = {isa = PBXBuildFile; fileRef = 7FF8F94F24CD3E92002B7D64 /* SingleContactView.swift */; };
		7FF8F95224CD4B0B002B7D64 /* ContactWidget.swift in Sources */ = {isa = PBXBuildFile; fileRef = 7FF8F95124CD4B0B002B7D64 /* ContactWidget.swift */; };
		7FF8F95624CD5B37002B7D64 /* ContactWidgetGrid.swift in Sources */ = {isa = PBXBuildFile; fileRef = 7FF8F95524CD5B37002B7D64 /* ContactWidgetGrid.swift */; };
		7FF8F95824CD5C1C002B7D64 /* ContactNote.swift in Sources */ = {isa = PBXBuildFile; fileRef = 7FF8F95724CD5C1C002B7D64 /* ContactNote.swift */; };
		7FF8F95B24CD81E0002B7D64 /* NavigationBarModifier.swift in Sources */ = {isa = PBXBuildFile; fileRef = 7FF8F95A24CD81E0002B7D64 /* NavigationBarModifier.swift */; };
		7FF8F95D24CD8F17002B7D64 /* ContactImageSection.swift in Sources */ = {isa = PBXBuildFile; fileRef = 7FF8F95C24CD8F17002B7D64 /* ContactImageSection.swift */; };
		7FF8F95F24CD91B8002B7D64 /* ContactNotesSection.swift in Sources */ = {isa = PBXBuildFile; fileRef = 7FF8F95E24CD91B8002B7D64 /* ContactNotesSection.swift */; };
		91C1DAA22D9083270B2FE012 /* Pods_Dex.framework in Frameworks */ = {isa = PBXBuildFile; fileRef = EE60A762C847427DDBF2BED0 /* Pods_Dex.framework */; };
		96F55F754A86091E85BD4E2C /* Pods_Dex_DexUITests.framework in Frameworks */ = {isa = PBXBuildFile; fileRef = 9AFE89C23F09C666BE4AC8B0 /* Pods_Dex_DexUITests.framework */; };
		F6CA6457CA22257596FE9CCC /* Pods_DexTests.framework in Frameworks */ = {isa = PBXBuildFile; fileRef = 9FAC233E6F3D64E3D1B8E676 /* Pods_DexTests.framework */; };
/* End PBXBuildFile section */

/* Begin PBXContainerItemProxy section */
		7FD3008624C2BB2E0011CF5C /* PBXContainerItemProxy */ = {
			isa = PBXContainerItemProxy;
			containerPortal = 7FD3006C24C2BB2A0011CF5C /* Project object */;
			proxyType = 1;
			remoteGlobalIDString = 7FD3007324C2BB2A0011CF5C;
			remoteInfo = Dex;
		};
		7FD3009124C2BB2E0011CF5C /* PBXContainerItemProxy */ = {
			isa = PBXContainerItemProxy;
			containerPortal = 7FD3006C24C2BB2A0011CF5C /* Project object */;
			proxyType = 1;
			remoteGlobalIDString = 7FD3007324C2BB2A0011CF5C;
			remoteInfo = Dex;
		};
/* End PBXContainerItemProxy section */

/* Begin PBXFileReference section */
		2D6D1DA0DD05D4D5B98ED5AE /* Pods-DexTests.release.xcconfig */ = {isa = PBXFileReference; includeInIndex = 1; lastKnownFileType = text.xcconfig; name = "Pods-DexTests.release.xcconfig"; path = "Target Support Files/Pods-DexTests/Pods-DexTests.release.xcconfig"; sourceTree = "<group>"; };
		636E7072080ADB599F6A3B7B /* Pods-Dex.debug.xcconfig */ = {isa = PBXFileReference; includeInIndex = 1; lastKnownFileType = text.xcconfig; name = "Pods-Dex.debug.xcconfig"; path = "Target Support Files/Pods-Dex/Pods-Dex.debug.xcconfig"; sourceTree = "<group>"; };
		76B320B164663EB39C989D0C /* Pods-Dex-DexUITests.release.xcconfig */ = {isa = PBXFileReference; includeInIndex = 1; lastKnownFileType = text.xcconfig; name = "Pods-Dex-DexUITests.release.xcconfig"; path = "Target Support Files/Pods-Dex-DexUITests/Pods-Dex-DexUITests.release.xcconfig"; sourceTree = "<group>"; };
		7F18F453250DAED40055EEB5 /* RealmDataStructures.swift */ = {isa = PBXFileReference; lastKnownFileType = sourcecode.swift; path = RealmDataStructures.swift; sourceTree = "<group>"; };
		7F980C7424C3500F0075CAC9 /* ContactDataTypes.swift */ = {isa = PBXFileReference; lastKnownFileType = sourcecode.swift; path = ContactDataTypes.swift; sourceTree = "<group>"; };
		7F980C7824C360120075CAC9 /* Dex.entitlements */ = {isa = PBXFileReference; lastKnownFileType = text.plist.entitlements; path = Dex.entitlements; sourceTree = "<group>"; };
		7FD3007424C2BB2A0011CF5C /* Dex.app */ = {isa = PBXFileReference; explicitFileType = wrapper.application; includeInIndex = 0; path = Dex.app; sourceTree = BUILT_PRODUCTS_DIR; };
		7FD3007724C2BB2A0011CF5C /* DexApp.swift */ = {isa = PBXFileReference; lastKnownFileType = sourcecode.swift; path = DexApp.swift; sourceTree = "<group>"; };
		7FD3007924C2BB2A0011CF5C /* ContactListView.swift */ = {isa = PBXFileReference; lastKnownFileType = sourcecode.swift; path = ContactListView.swift; sourceTree = "<group>"; };
		7FD3007B24C2BB2E0011CF5C /* Assets.xcassets */ = {isa = PBXFileReference; lastKnownFileType = folder.assetcatalog; path = Assets.xcassets; sourceTree = "<group>"; };
		7FD3007E24C2BB2E0011CF5C /* Preview Assets.xcassets */ = {isa = PBXFileReference; lastKnownFileType = folder.assetcatalog; path = "Preview Assets.xcassets"; sourceTree = "<group>"; };
		7FD3008024C2BB2E0011CF5C /* Info.plist */ = {isa = PBXFileReference; lastKnownFileType = text.plist.xml; path = Info.plist; sourceTree = "<group>"; };
		7FD3008524C2BB2E0011CF5C /* DexTests.xctest */ = {isa = PBXFileReference; explicitFileType = wrapper.cfbundle; includeInIndex = 0; path = DexTests.xctest; sourceTree = BUILT_PRODUCTS_DIR; };
		7FD3008924C2BB2E0011CF5C /* DexTests.swift */ = {isa = PBXFileReference; lastKnownFileType = sourcecode.swift; path = DexTests.swift; sourceTree = "<group>"; };
		7FD3008B24C2BB2E0011CF5C /* Info.plist */ = {isa = PBXFileReference; lastKnownFileType = text.plist.xml; path = Info.plist; sourceTree = "<group>"; };
		7FD3009024C2BB2E0011CF5C /* DexUITests.xctest */ = {isa = PBXFileReference; explicitFileType = wrapper.cfbundle; includeInIndex = 0; path = DexUITests.xctest; sourceTree = BUILT_PRODUCTS_DIR; };
		7FD3009424C2BB2E0011CF5C /* DexUITests.swift */ = {isa = PBXFileReference; lastKnownFileType = sourcecode.swift; path = DexUITests.swift; sourceTree = "<group>"; };
		7FD3009624C2BB2E0011CF5C /* Info.plist */ = {isa = PBXFileReference; lastKnownFileType = text.plist.xml; path = Info.plist; sourceTree = "<group>"; };
		7FD300A424C2D6CE0011CF5C /* ContactsModel.swift */ = {isa = PBXFileReference; lastKnownFileType = sourcecode.swift; path = ContactsModel.swift; sourceTree = "<group>"; };
		7FF8F94F24CD3E92002B7D64 /* SingleContactView.swift */ = {isa = PBXFileReference; lastKnownFileType = sourcecode.swift; path = SingleContactView.swift; sourceTree = "<group>"; };
		7FF8F95124CD4B0B002B7D64 /* ContactWidget.swift */ = {isa = PBXFileReference; lastKnownFileType = sourcecode.swift; path = ContactWidget.swift; sourceTree = "<group>"; };
		7FF8F95524CD5B37002B7D64 /* ContactWidgetGrid.swift */ = {isa = PBXFileReference; lastKnownFileType = sourcecode.swift; path = ContactWidgetGrid.swift; sourceTree = "<group>"; };
		7FF8F95724CD5C1C002B7D64 /* ContactNote.swift */ = {isa = PBXFileReference; lastKnownFileType = sourcecode.swift; path = ContactNote.swift; sourceTree = "<group>"; };
		7FF8F95A24CD81E0002B7D64 /* NavigationBarModifier.swift */ = {isa = PBXFileReference; lastKnownFileType = sourcecode.swift; path = NavigationBarModifier.swift; sourceTree = "<group>"; };
		7FF8F95C24CD8F17002B7D64 /* ContactImageSection.swift */ = {isa = PBXFileReference; lastKnownFileType = sourcecode.swift; path = ContactImageSection.swift; sourceTree = "<group>"; };
		7FF8F95E24CD91B8002B7D64 /* ContactNotesSection.swift */ = {isa = PBXFileReference; lastKnownFileType = sourcecode.swift; path = ContactNotesSection.swift; sourceTree = "<group>"; };
		9AFE89C23F09C666BE4AC8B0 /* Pods_Dex_DexUITests.framework */ = {isa = PBXFileReference; explicitFileType = wrapper.framework; includeInIndex = 0; path = Pods_Dex_DexUITests.framework; sourceTree = BUILT_PRODUCTS_DIR; };
		9FAC233E6F3D64E3D1B8E676 /* Pods_DexTests.framework */ = {isa = PBXFileReference; explicitFileType = wrapper.framework; includeInIndex = 0; path = Pods_DexTests.framework; sourceTree = BUILT_PRODUCTS_DIR; };
		C17A33027EF6D126174F98AA /* Pods-Dex.release.xcconfig */ = {isa = PBXFileReference; includeInIndex = 1; lastKnownFileType = text.xcconfig; name = "Pods-Dex.release.xcconfig"; path = "Target Support Files/Pods-Dex/Pods-Dex.release.xcconfig"; sourceTree = "<group>"; };
		CBAE12D618A5CFCEC26C7F52 /* Pods-DexTests.debug.xcconfig */ = {isa = PBXFileReference; includeInIndex = 1; lastKnownFileType = text.xcconfig; name = "Pods-DexTests.debug.xcconfig"; path = "Target Support Files/Pods-DexTests/Pods-DexTests.debug.xcconfig"; sourceTree = "<group>"; };
		D2042F372B181E97A0D00DE7 /* Pods-Dex-DexUITests.debug.xcconfig */ = {isa = PBXFileReference; includeInIndex = 1; lastKnownFileType = text.xcconfig; name = "Pods-Dex-DexUITests.debug.xcconfig"; path = "Target Support Files/Pods-Dex-DexUITests/Pods-Dex-DexUITests.debug.xcconfig"; sourceTree = "<group>"; };
		EE60A762C847427DDBF2BED0 /* Pods_Dex.framework */ = {isa = PBXFileReference; explicitFileType = wrapper.framework; includeInIndex = 0; path = Pods_Dex.framework; sourceTree = BUILT_PRODUCTS_DIR; };
/* End PBXFileReference section */

/* Begin PBXFrameworksBuildPhase section */
		7FD3007124C2BB2A0011CF5C /* Frameworks */ = {
			isa = PBXFrameworksBuildPhase;
			buildActionMask = 2147483647;
			files = (
				91C1DAA22D9083270B2FE012 /* Pods_Dex.framework in Frameworks */,
			);
			runOnlyForDeploymentPostprocessing = 0;
		};
		7FD3008224C2BB2E0011CF5C /* Frameworks */ = {
			isa = PBXFrameworksBuildPhase;
			buildActionMask = 2147483647;
			files = (
				F6CA6457CA22257596FE9CCC /* Pods_DexTests.framework in Frameworks */,
			);
			runOnlyForDeploymentPostprocessing = 0;
		};
		7FD3008D24C2BB2E0011CF5C /* Frameworks */ = {
			isa = PBXFrameworksBuildPhase;
			buildActionMask = 2147483647;
			files = (
				96F55F754A86091E85BD4E2C /* Pods_Dex_DexUITests.framework in Frameworks */,
			);
			runOnlyForDeploymentPostprocessing = 0;
		};
/* End PBXFrameworksBuildPhase section */

/* Begin PBXGroup section */
		5E4D44EB6CC97845F07AA07A /* Pods */ = {
			isa = PBXGroup;
			children = (
				636E7072080ADB599F6A3B7B /* Pods-Dex.debug.xcconfig */,
				C17A33027EF6D126174F98AA /* Pods-Dex.release.xcconfig */,
				D2042F372B181E97A0D00DE7 /* Pods-Dex-DexUITests.debug.xcconfig */,
				76B320B164663EB39C989D0C /* Pods-Dex-DexUITests.release.xcconfig */,
				CBAE12D618A5CFCEC26C7F52 /* Pods-DexTests.debug.xcconfig */,
				2D6D1DA0DD05D4D5B98ED5AE /* Pods-DexTests.release.xcconfig */,
			);
			path = Pods;
			sourceTree = "<group>";
		};
		7F9B1DD624C46EE600A490A6 /* Components */ = {
			isa = PBXGroup;
			children = (
				7FF8F95124CD4B0B002B7D64 /* ContactWidget.swift */,
				7FF8F95524CD5B37002B7D64 /* ContactWidgetGrid.swift */,
				7FF8F95724CD5C1C002B7D64 /* ContactNote.swift */,
				7FF8F95C24CD8F17002B7D64 /* ContactImageSection.swift */,
				7FF8F95E24CD91B8002B7D64 /* ContactNotesSection.swift */,
			);
			path = Components;
			sourceTree = "<group>";
		};
		7F9B1DD724C46EFA00A490A6 /* Screens */ = {
			isa = PBXGroup;
			children = (
				7FD3007924C2BB2A0011CF5C /* ContactListView.swift */,
				7FF8F94F24CD3E92002B7D64 /* SingleContactView.swift */,
			);
			path = Screens;
			sourceTree = "<group>";
		};
		7FD3006B24C2BB2A0011CF5C = {
			isa = PBXGroup;
			children = (
				7FD3007624C2BB2A0011CF5C /* Dex */,
				7FD3008824C2BB2E0011CF5C /* DexTests */,
				7FD3009324C2BB2E0011CF5C /* DexUITests */,
				7FD3007524C2BB2A0011CF5C /* Products */,
				5E4D44EB6CC97845F07AA07A /* Pods */,
				9BB6E01263A66D9E24D18FD7 /* Frameworks */,
			);
			sourceTree = "<group>";
		};
		7FD3007524C2BB2A0011CF5C /* Products */ = {
			isa = PBXGroup;
			children = (
				7FD3007424C2BB2A0011CF5C /* Dex.app */,
				7FD3008524C2BB2E0011CF5C /* DexTests.xctest */,
				7FD3009024C2BB2E0011CF5C /* DexUITests.xctest */,
			);
			name = Products;
			sourceTree = "<group>";
		};
		7FD3007624C2BB2A0011CF5C /* Dex */ = {
			isa = PBXGroup;
			children = (
				7FD300A324C2D6BC0011CF5C /* View */,
				7FD300A224C2D6B60011CF5C /* Model */,
				7FD3007B24C2BB2E0011CF5C /* Assets.xcassets */,
				7F980C7824C360120075CAC9 /* Dex.entitlements */,
				7FD3008024C2BB2E0011CF5C /* Info.plist */,
				7FD3007D24C2BB2E0011CF5C /* Preview Content */,
			);
			path = Dex;
			sourceTree = "<group>";
		};
		7FD3007D24C2BB2E0011CF5C /* Preview Content */ = {
			isa = PBXGroup;
			children = (
				7FD3007E24C2BB2E0011CF5C /* Preview Assets.xcassets */,
			);
			path = "Preview Content";
			sourceTree = "<group>";
		};
		7FD3008824C2BB2E0011CF5C /* DexTests */ = {
			isa = PBXGroup;
			children = (
				7FD3008924C2BB2E0011CF5C /* DexTests.swift */,
				7FD3008B24C2BB2E0011CF5C /* Info.plist */,
			);
			path = DexTests;
			sourceTree = "<group>";
		};
		7FD3009324C2BB2E0011CF5C /* DexUITests */ = {
			isa = PBXGroup;
			children = (
				7FD3009424C2BB2E0011CF5C /* DexUITests.swift */,
				7FD3009624C2BB2E0011CF5C /* Info.plist */,
			);
			path = DexUITests;
			sourceTree = "<group>";
		};
		7FD300A224C2D6B60011CF5C /* Model */ = {
			isa = PBXGroup;
			children = (
				7FD300A424C2D6CE0011CF5C /* ContactsModel.swift */,
				7F980C7424C3500F0075CAC9 /* ContactDataTypes.swift */,
				7F18F453250DAED40055EEB5 /* RealmDataStructures.swift */,
			);
			path = Model;
			sourceTree = "<group>";
		};
		7FD300A324C2D6BC0011CF5C /* View */ = {
			isa = PBXGroup;
			children = (
				7FF8F95924CD815C002B7D64 /* Modifiers */,
				7FD3007724C2BB2A0011CF5C /* DexApp.swift */,
				7F9B1DD624C46EE600A490A6 /* Components */,
				7F9B1DD724C46EFA00A490A6 /* Screens */,
			);
			path = View;
			sourceTree = "<group>";
		};
		7FF8F95924CD815C002B7D64 /* Modifiers */ = {
			isa = PBXGroup;
			children = (
				7FF8F95A24CD81E0002B7D64 /* NavigationBarModifier.swift */,
			);
			path = Modifiers;
			sourceTree = "<group>";
		};
		9BB6E01263A66D9E24D18FD7 /* Frameworks */ = {
			isa = PBXGroup;
			children = (
				EE60A762C847427DDBF2BED0 /* Pods_Dex.framework */,
				9AFE89C23F09C666BE4AC8B0 /* Pods_Dex_DexUITests.framework */,
				9FAC233E6F3D64E3D1B8E676 /* Pods_DexTests.framework */,
			);
			name = Frameworks;
			sourceTree = "<group>";
		};
/* End PBXGroup section */

/* Begin PBXNativeTarget section */
		7FD3007324C2BB2A0011CF5C /* Dex */ = {
			isa = PBXNativeTarget;
			buildConfigurationList = 7FD3009924C2BB2E0011CF5C /* Build configuration list for PBXNativeTarget "Dex" */;
			buildPhases = (
				093532BBC065C84F8797A965 /* [CP] Check Pods Manifest.lock */,
				7FD3007024C2BB2A0011CF5C /* Sources */,
				7FD3007124C2BB2A0011CF5C /* Frameworks */,
				7FD3007224C2BB2A0011CF5C /* Resources */,
				7D3703363C9342D8074BED2C /* [CP] Embed Pods Frameworks */,
			);
			buildRules = (
			);
			dependencies = (
			);
			name = Dex;
			productName = Dex;
			productReference = 7FD3007424C2BB2A0011CF5C /* Dex.app */;
			productType = "com.apple.product-type.application";
		};
		7FD3008424C2BB2E0011CF5C /* DexTests */ = {
			isa = PBXNativeTarget;
			buildConfigurationList = 7FD3009C24C2BB2E0011CF5C /* Build configuration list for PBXNativeTarget "DexTests" */;
			buildPhases = (
				2CC828C2AC5E25BB8A2072F5 /* [CP] Check Pods Manifest.lock */,
				7FD3008124C2BB2E0011CF5C /* Sources */,
				7FD3008224C2BB2E0011CF5C /* Frameworks */,
				7FD3008324C2BB2E0011CF5C /* Resources */,
			);
			buildRules = (
			);
			dependencies = (
				7FD3008724C2BB2E0011CF5C /* PBXTargetDependency */,
			);
			name = DexTests;
			productName = DexTests;
			productReference = 7FD3008524C2BB2E0011CF5C /* DexTests.xctest */;
			productType = "com.apple.product-type.bundle.unit-test";
		};
		7FD3008F24C2BB2E0011CF5C /* DexUITests */ = {
			isa = PBXNativeTarget;
			buildConfigurationList = 7FD3009F24C2BB2E0011CF5C /* Build configuration list for PBXNativeTarget "DexUITests" */;
			buildPhases = (
				F8F40ABCCE23EB8AFF723A30 /* [CP] Check Pods Manifest.lock */,
				7FD3008C24C2BB2E0011CF5C /* Sources */,
				7FD3008D24C2BB2E0011CF5C /* Frameworks */,
				7FD3008E24C2BB2E0011CF5C /* Resources */,
				1E757D7FDFA7D03303909A8C /* [CP] Embed Pods Frameworks */,
			);
			buildRules = (
			);
			dependencies = (
				7FD3009224C2BB2E0011CF5C /* PBXTargetDependency */,
			);
			name = DexUITests;
			productName = DexUITests;
			productReference = 7FD3009024C2BB2E0011CF5C /* DexUITests.xctest */;
			productType = "com.apple.product-type.bundle.ui-testing";
		};
/* End PBXNativeTarget section */

/* Begin PBXProject section */
		7FD3006C24C2BB2A0011CF5C /* Project object */ = {
			isa = PBXProject;
			attributes = {
				LastSwiftUpdateCheck = 1200;
				LastUpgradeCheck = 1200;
				TargetAttributes = {
					7FD3007324C2BB2A0011CF5C = {
						CreatedOnToolsVersion = 12.0;
					};
					7FD3008424C2BB2E0011CF5C = {
						CreatedOnToolsVersion = 12.0;
						TestTargetID = 7FD3007324C2BB2A0011CF5C;
					};
					7FD3008F24C2BB2E0011CF5C = {
						CreatedOnToolsVersion = 12.0;
						TestTargetID = 7FD3007324C2BB2A0011CF5C;
					};
				};
			};
			buildConfigurationList = 7FD3006F24C2BB2A0011CF5C /* Build configuration list for PBXProject "Dex" */;
			compatibilityVersion = "Xcode 9.3";
			developmentRegion = en;
			hasScannedForEncodings = 0;
			knownRegions = (
				en,
				Base,
			);
			mainGroup = 7FD3006B24C2BB2A0011CF5C;
			productRefGroup = 7FD3007524C2BB2A0011CF5C /* Products */;
			projectDirPath = "";
			projectRoot = "";
			targets = (
				7FD3007324C2BB2A0011CF5C /* Dex */,
				7FD3008424C2BB2E0011CF5C /* DexTests */,
				7FD3008F24C2BB2E0011CF5C /* DexUITests */,
			);
		};
/* End PBXProject section */

/* Begin PBXResourcesBuildPhase section */
		7FD3007224C2BB2A0011CF5C /* Resources */ = {
			isa = PBXResourcesBuildPhase;
			buildActionMask = 2147483647;
			files = (
				7FD3007F24C2BB2E0011CF5C /* Preview Assets.xcassets in Resources */,
				7FD3007C24C2BB2E0011CF5C /* Assets.xcassets in Resources */,
			);
			runOnlyForDeploymentPostprocessing = 0;
		};
		7FD3008324C2BB2E0011CF5C /* Resources */ = {
			isa = PBXResourcesBuildPhase;
			buildActionMask = 2147483647;
			files = (
			);
			runOnlyForDeploymentPostprocessing = 0;
		};
		7FD3008E24C2BB2E0011CF5C /* Resources */ = {
			isa = PBXResourcesBuildPhase;
			buildActionMask = 2147483647;
			files = (
			);
			runOnlyForDeploymentPostprocessing = 0;
		};
/* End PBXResourcesBuildPhase section */

/* Begin PBXShellScriptBuildPhase section */
		093532BBC065C84F8797A965 /* [CP] Check Pods Manifest.lock */ = {
			isa = PBXShellScriptBuildPhase;
			buildActionMask = 2147483647;
			files = (
			);
			inputFileListPaths = (
			);
			inputPaths = (
				"${PODS_PODFILE_DIR_PATH}/Podfile.lock",
				"${PODS_ROOT}/Manifest.lock",
			);
			name = "[CP] Check Pods Manifest.lock";
			outputFileListPaths = (
			);
			outputPaths = (
				"$(DERIVED_FILE_DIR)/Pods-Dex-checkManifestLockResult.txt",
			);
			runOnlyForDeploymentPostprocessing = 0;
			shellPath = /bin/sh;
			shellScript = "diff \"${PODS_PODFILE_DIR_PATH}/Podfile.lock\" \"${PODS_ROOT}/Manifest.lock\" > /dev/null\nif [ $? != 0 ] ; then\n    # print error to STDERR\n    echo \"error: The sandbox is not in sync with the Podfile.lock. Run 'pod install' or update your CocoaPods installation.\" >&2\n    exit 1\nfi\n# This output is used by Xcode 'outputs' to avoid re-running this script phase.\necho \"SUCCESS\" > \"${SCRIPT_OUTPUT_FILE_0}\"\n";
			showEnvVarsInLog = 0;
		};
		1E757D7FDFA7D03303909A8C /* [CP] Embed Pods Frameworks */ = {
			isa = PBXShellScriptBuildPhase;
			buildActionMask = 2147483647;
			files = (
			);
			inputFileListPaths = (
				"${PODS_ROOT}/Target Support Files/Pods-Dex-DexUITests/Pods-Dex-DexUITests-frameworks-${CONFIGURATION}-input-files.xcfilelist",
			);
			name = "[CP] Embed Pods Frameworks";
			outputFileListPaths = (
				"${PODS_ROOT}/Target Support Files/Pods-Dex-DexUITests/Pods-Dex-DexUITests-frameworks-${CONFIGURATION}-output-files.xcfilelist",
			);
			runOnlyForDeploymentPostprocessing = 0;
			shellPath = /bin/sh;
			shellScript = "\"${PODS_ROOT}/Target Support Files/Pods-Dex-DexUITests/Pods-Dex-DexUITests-frameworks.sh\"\n";
			showEnvVarsInLog = 0;
		};
		2CC828C2AC5E25BB8A2072F5 /* [CP] Check Pods Manifest.lock */ = {
			isa = PBXShellScriptBuildPhase;
			buildActionMask = 2147483647;
			files = (
			);
			inputFileListPaths = (
			);
			inputPaths = (
				"${PODS_PODFILE_DIR_PATH}/Podfile.lock",
				"${PODS_ROOT}/Manifest.lock",
			);
			name = "[CP] Check Pods Manifest.lock";
			outputFileListPaths = (
			);
			outputPaths = (
				"$(DERIVED_FILE_DIR)/Pods-DexTests-checkManifestLockResult.txt",
			);
			runOnlyForDeploymentPostprocessing = 0;
			shellPath = /bin/sh;
			shellScript = "diff \"${PODS_PODFILE_DIR_PATH}/Podfile.lock\" \"${PODS_ROOT}/Manifest.lock\" > /dev/null\nif [ $? != 0 ] ; then\n    # print error to STDERR\n    echo \"error: The sandbox is not in sync with the Podfile.lock. Run 'pod install' or update your CocoaPods installation.\" >&2\n    exit 1\nfi\n# This output is used by Xcode 'outputs' to avoid re-running this script phase.\necho \"SUCCESS\" > \"${SCRIPT_OUTPUT_FILE_0}\"\n";
			showEnvVarsInLog = 0;
		};
		7D3703363C9342D8074BED2C /* [CP] Embed Pods Frameworks */ = {
			isa = PBXShellScriptBuildPhase;
			buildActionMask = 2147483647;
			files = (
			);
			inputFileListPaths = (
				"${PODS_ROOT}/Target Support Files/Pods-Dex/Pods-Dex-frameworks-${CONFIGURATION}-input-files.xcfilelist",
			);
			name = "[CP] Embed Pods Frameworks";
			outputFileListPaths = (
				"${PODS_ROOT}/Target Support Files/Pods-Dex/Pods-Dex-frameworks-${CONFIGURATION}-output-files.xcfilelist",
			);
			runOnlyForDeploymentPostprocessing = 0;
			shellPath = /bin/sh;
			shellScript = "\"${PODS_ROOT}/Target Support Files/Pods-Dex/Pods-Dex-frameworks.sh\"\n";
			showEnvVarsInLog = 0;
		};
		F8F40ABCCE23EB8AFF723A30 /* [CP] Check Pods Manifest.lock */ = {
			isa = PBXShellScriptBuildPhase;
			buildActionMask = 2147483647;
			files = (
			);
			inputFileListPaths = (
			);
			inputPaths = (
				"${PODS_PODFILE_DIR_PATH}/Podfile.lock",
				"${PODS_ROOT}/Manifest.lock",
			);
			name = "[CP] Check Pods Manifest.lock";
			outputFileListPaths = (
			);
			outputPaths = (
				"$(DERIVED_FILE_DIR)/Pods-Dex-DexUITests-checkManifestLockResult.txt",
			);
			runOnlyForDeploymentPostprocessing = 0;
			shellPath = /bin/sh;
			shellScript = "diff \"${PODS_PODFILE_DIR_PATH}/Podfile.lock\" \"${PODS_ROOT}/Manifest.lock\" > /dev/null\nif [ $? != 0 ] ; then\n    # print error to STDERR\n    echo \"error: The sandbox is not in sync with the Podfile.lock. Run 'pod install' or update your CocoaPods installation.\" >&2\n    exit 1\nfi\n# This output is used by Xcode 'outputs' to avoid re-running this script phase.\necho \"SUCCESS\" > \"${SCRIPT_OUTPUT_FILE_0}\"\n";
			showEnvVarsInLog = 0;
		};
/* End PBXShellScriptBuildPhase section */

/* Begin PBXSourcesBuildPhase section */
		7FD3007024C2BB2A0011CF5C /* Sources */ = {
			isa = PBXSourcesBuildPhase;
			buildActionMask = 2147483647;
			files = (
				7FF8F95D24CD8F17002B7D64 /* ContactImageSection.swift in Sources */,
				7FF8F95B24CD81E0002B7D64 /* NavigationBarModifier.swift in Sources */,
				7FF8F95F24CD91B8002B7D64 /* ContactNotesSection.swift in Sources */,
				7FF8F95824CD5C1C002B7D64 /* ContactNote.swift in Sources */,
				7FD3007A24C2BB2A0011CF5C /* ContactListView.swift in Sources */,
				7FF8F95624CD5B37002B7D64 /* ContactWidgetGrid.swift in Sources */,
				7F980C7524C3500F0075CAC9 /* ContactDataTypes.swift in Sources */,
				7F18F454250DAED40055EEB5 /* RealmDataStructures.swift in Sources */,
				7FF8F95024CD3E92002B7D64 /* SingleContactView.swift in Sources */,
				7FD3007824C2BB2A0011CF5C /* DexApp.swift in Sources */,
				7FD300A524C2D6CE0011CF5C /* ContactsModel.swift in Sources */,
				7FF8F95224CD4B0B002B7D64 /* ContactWidget.swift in Sources */,
			);
			runOnlyForDeploymentPostprocessing = 0;
		};
		7FD3008124C2BB2E0011CF5C /* Sources */ = {
			isa = PBXSourcesBuildPhase;
			buildActionMask = 2147483647;
			files = (
				7FD3008A24C2BB2E0011CF5C /* DexTests.swift in Sources */,
			);
			runOnlyForDeploymentPostprocessing = 0;
		};
		7FD3008C24C2BB2E0011CF5C /* Sources */ = {
			isa = PBXSourcesBuildPhase;
			buildActionMask = 2147483647;
			files = (
				7FD3009524C2BB2E0011CF5C /* DexUITests.swift in Sources */,
			);
			runOnlyForDeploymentPostprocessing = 0;
		};
/* End PBXSourcesBuildPhase section */

/* Begin PBXTargetDependency section */
		7FD3008724C2BB2E0011CF5C /* PBXTargetDependency */ = {
			isa = PBXTargetDependency;
			target = 7FD3007324C2BB2A0011CF5C /* Dex */;
			targetProxy = 7FD3008624C2BB2E0011CF5C /* PBXContainerItemProxy */;
		};
		7FD3009224C2BB2E0011CF5C /* PBXTargetDependency */ = {
			isa = PBXTargetDependency;
			target = 7FD3007324C2BB2A0011CF5C /* Dex */;
			targetProxy = 7FD3009124C2BB2E0011CF5C /* PBXContainerItemProxy */;
		};
/* End PBXTargetDependency section */

/* Begin XCBuildConfiguration section */
		7FD3009724C2BB2E0011CF5C /* Debug */ = {
			isa = XCBuildConfiguration;
			buildSettings = {
				ALWAYS_SEARCH_USER_PATHS = NO;
				CLANG_ANALYZER_NONNULL = YES;
				CLANG_ANALYZER_NUMBER_OBJECT_CONVERSION = YES_AGGRESSIVE;
				CLANG_CXX_LANGUAGE_STANDARD = "gnu++14";
				CLANG_CXX_LIBRARY = "libc++";
				CLANG_ENABLE_MODULES = YES;
				CLANG_ENABLE_OBJC_ARC = YES;
				CLANG_ENABLE_OBJC_WEAK = YES;
				CLANG_WARN_BLOCK_CAPTURE_AUTORELEASING = YES;
				CLANG_WARN_BOOL_CONVERSION = YES;
				CLANG_WARN_COMMA = YES;
				CLANG_WARN_CONSTANT_CONVERSION = YES;
				CLANG_WARN_DEPRECATED_OBJC_IMPLEMENTATIONS = YES;
				CLANG_WARN_DIRECT_OBJC_ISA_USAGE = YES_ERROR;
				CLANG_WARN_DOCUMENTATION_COMMENTS = YES;
				CLANG_WARN_EMPTY_BODY = YES;
				CLANG_WARN_ENUM_CONVERSION = YES;
				CLANG_WARN_INFINITE_RECURSION = YES;
				CLANG_WARN_INT_CONVERSION = YES;
				CLANG_WARN_NON_LITERAL_NULL_CONVERSION = YES;
				CLANG_WARN_OBJC_IMPLICIT_RETAIN_SELF = YES;
				CLANG_WARN_OBJC_LITERAL_CONVERSION = YES;
				CLANG_WARN_OBJC_ROOT_CLASS = YES_ERROR;
				CLANG_WARN_QUOTED_INCLUDE_IN_FRAMEWORK_HEADER = YES;
				CLANG_WARN_RANGE_LOOP_ANALYSIS = YES;
				CLANG_WARN_STRICT_PROTOTYPES = YES;
				CLANG_WARN_SUSPICIOUS_MOVE = YES;
				CLANG_WARN_UNGUARDED_AVAILABILITY = YES_AGGRESSIVE;
				CLANG_WARN_UNREACHABLE_CODE = YES;
				CLANG_WARN__DUPLICATE_METHOD_MATCH = YES;
				COPY_PHASE_STRIP = NO;
				DEBUG_INFORMATION_FORMAT = dwarf;
				ENABLE_STRICT_OBJC_MSGSEND = YES;
				ENABLE_TESTABILITY = YES;
				GCC_C_LANGUAGE_STANDARD = gnu11;
				GCC_DYNAMIC_NO_PIC = NO;
				GCC_NO_COMMON_BLOCKS = YES;
				GCC_OPTIMIZATION_LEVEL = 0;
				GCC_PREPROCESSOR_DEFINITIONS = (
					"DEBUG=1",
					"$(inherited)",
				);
				GCC_WARN_64_TO_32_BIT_CONVERSION = YES;
				GCC_WARN_ABOUT_RETURN_TYPE = YES_ERROR;
				GCC_WARN_UNDECLARED_SELECTOR = YES;
				GCC_WARN_UNINITIALIZED_AUTOS = YES_AGGRESSIVE;
				GCC_WARN_UNUSED_FUNCTION = YES;
				GCC_WARN_UNUSED_VARIABLE = YES;
				IPHONEOS_DEPLOYMENT_TARGET = 13.0;
				MTL_ENABLE_DEBUG_INFO = INCLUDE_SOURCE;
				MTL_FAST_MATH = YES;
				ONLY_ACTIVE_ARCH = YES;
				SDKROOT = iphoneos;
				SWIFT_ACTIVE_COMPILATION_CONDITIONS = DEBUG;
				SWIFT_OPTIMIZATION_LEVEL = "-Onone";
			};
			name = Debug;
		};
		7FD3009824C2BB2E0011CF5C /* Release */ = {
			isa = XCBuildConfiguration;
			buildSettings = {
				ALWAYS_SEARCH_USER_PATHS = NO;
				CLANG_ANALYZER_NONNULL = YES;
				CLANG_ANALYZER_NUMBER_OBJECT_CONVERSION = YES_AGGRESSIVE;
				CLANG_CXX_LANGUAGE_STANDARD = "gnu++14";
				CLANG_CXX_LIBRARY = "libc++";
				CLANG_ENABLE_MODULES = YES;
				CLANG_ENABLE_OBJC_ARC = YES;
				CLANG_ENABLE_OBJC_WEAK = YES;
				CLANG_WARN_BLOCK_CAPTURE_AUTORELEASING = YES;
				CLANG_WARN_BOOL_CONVERSION = YES;
				CLANG_WARN_COMMA = YES;
				CLANG_WARN_CONSTANT_CONVERSION = YES;
				CLANG_WARN_DEPRECATED_OBJC_IMPLEMENTATIONS = YES;
				CLANG_WARN_DIRECT_OBJC_ISA_USAGE = YES_ERROR;
				CLANG_WARN_DOCUMENTATION_COMMENTS = YES;
				CLANG_WARN_EMPTY_BODY = YES;
				CLANG_WARN_ENUM_CONVERSION = YES;
				CLANG_WARN_INFINITE_RECURSION = YES;
				CLANG_WARN_INT_CONVERSION = YES;
				CLANG_WARN_NON_LITERAL_NULL_CONVERSION = YES;
				CLANG_WARN_OBJC_IMPLICIT_RETAIN_SELF = YES;
				CLANG_WARN_OBJC_LITERAL_CONVERSION = YES;
				CLANG_WARN_OBJC_ROOT_CLASS = YES_ERROR;
				CLANG_WARN_QUOTED_INCLUDE_IN_FRAMEWORK_HEADER = YES;
				CLANG_WARN_RANGE_LOOP_ANALYSIS = YES;
				CLANG_WARN_STRICT_PROTOTYPES = YES;
				CLANG_WARN_SUSPICIOUS_MOVE = YES;
				CLANG_WARN_UNGUARDED_AVAILABILITY = YES_AGGRESSIVE;
				CLANG_WARN_UNREACHABLE_CODE = YES;
				CLANG_WARN__DUPLICATE_METHOD_MATCH = YES;
				COPY_PHASE_STRIP = NO;
				DEBUG_INFORMATION_FORMAT = "dwarf-with-dsym";
				ENABLE_NS_ASSERTIONS = NO;
				ENABLE_STRICT_OBJC_MSGSEND = YES;
				GCC_C_LANGUAGE_STANDARD = gnu11;
				GCC_NO_COMMON_BLOCKS = YES;
				GCC_WARN_64_TO_32_BIT_CONVERSION = YES;
				GCC_WARN_ABOUT_RETURN_TYPE = YES_ERROR;
				GCC_WARN_UNDECLARED_SELECTOR = YES;
				GCC_WARN_UNINITIALIZED_AUTOS = YES_AGGRESSIVE;
				GCC_WARN_UNUSED_FUNCTION = YES;
				GCC_WARN_UNUSED_VARIABLE = YES;
				IPHONEOS_DEPLOYMENT_TARGET = 13.0;
				MTL_ENABLE_DEBUG_INFO = NO;
				MTL_FAST_MATH = YES;
				SDKROOT = iphoneos;
				SWIFT_COMPILATION_MODE = wholemodule;
				SWIFT_OPTIMIZATION_LEVEL = "-O";
				VALIDATE_PRODUCT = YES;
			};
			name = Release;
		};
		7FD3009A24C2BB2E0011CF5C /* Debug */ = {
			isa = XCBuildConfiguration;
			baseConfigurationReference = 636E7072080ADB599F6A3B7B /* Pods-Dex.debug.xcconfig */;
			buildSettings = {
				ASSETCATALOG_COMPILER_APPICON_NAME = AppIcon;
				ASSETCATALOG_COMPILER_GLOBAL_ACCENT_COLOR_NAME = AccentColor;
				CODE_SIGN_STYLE = Automatic;
				DEVELOPMENT_ASSET_PATHS = "\"Dex/Preview Content\"";
				DEVELOPMENT_TEAM = RPRR899TJ6;
				ENABLE_PREVIEWS = YES;
				INFOPLIST_FILE = Dex/Info.plist;
				IPHONEOS_DEPLOYMENT_TARGET = 14.0;
				LD_RUNPATH_SEARCH_PATHS = (
					"$(inherited)",
					"@executable_path/Frameworks",
				);
				PRODUCT_BUNDLE_IDENTIFIER = org.dexapp.Dex;
				PRODUCT_NAME = "$(TARGET_NAME)";
				SWIFT_VERSION = 5.0;
				TARGETED_DEVICE_FAMILY = 1;
			};
			name = Debug;
		};
		7FD3009B24C2BB2E0011CF5C /* Release */ = {
			isa = XCBuildConfiguration;
			baseConfigurationReference = C17A33027EF6D126174F98AA /* Pods-Dex.release.xcconfig */;
			buildSettings = {
				ASSETCATALOG_COMPILER_APPICON_NAME = AppIcon;
				ASSETCATALOG_COMPILER_GLOBAL_ACCENT_COLOR_NAME = AccentColor;
				CODE_SIGN_STYLE = Automatic;
				DEVELOPMENT_ASSET_PATHS = "\"Dex/Preview Content\"";
				DEVELOPMENT_TEAM = RPRR899TJ6;
				ENABLE_PREVIEWS = YES;
				INFOPLIST_FILE = Dex/Info.plist;
				IPHONEOS_DEPLOYMENT_TARGET = 14.0;
				LD_RUNPATH_SEARCH_PATHS = (
					"$(inherited)",
					"@executable_path/Frameworks",
				);
				PRODUCT_BUNDLE_IDENTIFIER = org.dexapp.Dex;
				PRODUCT_NAME = "$(TARGET_NAME)";
				SWIFT_VERSION = 5.0;
				TARGETED_DEVICE_FAMILY = 1;
			};
			name = Release;
		};
		7FD3009D24C2BB2E0011CF5C /* Debug */ = {
			isa = XCBuildConfiguration;
			baseConfigurationReference = CBAE12D618A5CFCEC26C7F52 /* Pods-DexTests.debug.xcconfig */;
			buildSettings = {
				ALWAYS_EMBED_SWIFT_STANDARD_LIBRARIES = YES;
				BUNDLE_LOADER = "$(TEST_HOST)";
				CODE_SIGN_STYLE = Automatic;
				DEVELOPMENT_TEAM = RPRR899TJ6;
				INFOPLIST_FILE = DexTests/Info.plist;
				IPHONEOS_DEPLOYMENT_TARGET = 14.0;
				LD_RUNPATH_SEARCH_PATHS = (
					"$(inherited)",
					"@executable_path/Frameworks",
					"@loader_path/Frameworks",
				);
				PRODUCT_BUNDLE_IDENTIFIER = org.dexapp.DexTests;
				PRODUCT_NAME = "$(TARGET_NAME)";
				SWIFT_VERSION = 5.0;
				TARGETED_DEVICE_FAMILY = "1,2";
				TEST_HOST = "$(BUILT_PRODUCTS_DIR)/Dex.app/Dex";
			};
			name = Debug;
		};
		7FD3009E24C2BB2E0011CF5C /* Release */ = {
			isa = XCBuildConfiguration;
			baseConfigurationReference = 2D6D1DA0DD05D4D5B98ED5AE /* Pods-DexTests.release.xcconfig */;
			buildSettings = {
				ALWAYS_EMBED_SWIFT_STANDARD_LIBRARIES = YES;
				BUNDLE_LOADER = "$(TEST_HOST)";
				CODE_SIGN_STYLE = Automatic;
				DEVELOPMENT_TEAM = RPRR899TJ6;
				INFOPLIST_FILE = DexTests/Info.plist;
				IPHONEOS_DEPLOYMENT_TARGET = 14.0;
				LD_RUNPATH_SEARCH_PATHS = (
					"$(inherited)",
					"@executable_path/Frameworks",
					"@loader_path/Frameworks",
				);
				PRODUCT_BUNDLE_IDENTIFIER = org.dexapp.DexTests;
				PRODUCT_NAME = "$(TARGET_NAME)";
				SWIFT_VERSION = 5.0;
				TARGETED_DEVICE_FAMILY = "1,2";
				TEST_HOST = "$(BUILT_PRODUCTS_DIR)/Dex.app/Dex";
			};
			name = Release;
		};
		7FD300A024C2BB2E0011CF5C /* Debug */ = {
			isa = XCBuildConfiguration;
			baseConfigurationReference = D2042F372B181E97A0D00DE7 /* Pods-Dex-DexUITests.debug.xcconfig */;
			buildSettings = {
				ALWAYS_EMBED_SWIFT_STANDARD_LIBRARIES = YES;
				CODE_SIGN_STYLE = Automatic;
				DEVELOPMENT_TEAM = RPRR899TJ6;
				INFOPLIST_FILE = DexUITests/Info.plist;
				LD_RUNPATH_SEARCH_PATHS = (
					"$(inherited)",
					"@executable_path/Frameworks",
					"@loader_path/Frameworks",
				);
				PRODUCT_BUNDLE_IDENTIFIER = org.dexapp.DexUITests;
				PRODUCT_NAME = "$(TARGET_NAME)";
				SWIFT_VERSION = 5.0;
				TARGETED_DEVICE_FAMILY = "1,2";
				TEST_TARGET_NAME = Dex;
			};
			name = Debug;
		};
		7FD300A124C2BB2E0011CF5C /* Release */ = {
			isa = XCBuildConfiguration;
			baseConfigurationReference = 76B320B164663EB39C989D0C /* Pods-Dex-DexUITests.release.xcconfig */;
			buildSettings = {
				ALWAYS_EMBED_SWIFT_STANDARD_LIBRARIES = YES;
				CODE_SIGN_STYLE = Automatic;
				DEVELOPMENT_TEAM = RPRR899TJ6;
				INFOPLIST_FILE = DexUITests/Info.plist;
				LD_RUNPATH_SEARCH_PATHS = (
					"$(inherited)",
					"@executable_path/Frameworks",
					"@loader_path/Frameworks",
				);
				PRODUCT_BUNDLE_IDENTIFIER = org.dexapp.DexUITests;
				PRODUCT_NAME = "$(TARGET_NAME)";
				SWIFT_VERSION = 5.0;
				TARGETED_DEVICE_FAMILY = "1,2";
				TEST_TARGET_NAME = Dex;
			};
			name = Release;
		};
/* End XCBuildConfiguration section */

/* Begin XCConfigurationList section */
		7FD3006F24C2BB2A0011CF5C /* Build configuration list for PBXProject "Dex" */ = {
			isa = XCConfigurationList;
			buildConfigurations = (
				7FD3009724C2BB2E0011CF5C /* Debug */,
				7FD3009824C2BB2E0011CF5C /* Release */,
			);
			defaultConfigurationIsVisible = 0;
			defaultConfigurationName = Release;
		};
		7FD3009924C2BB2E0011CF5C /* Build configuration list for PBXNativeTarget "Dex" */ = {
			isa = XCConfigurationList;
			buildConfigurations = (
				7FD3009A24C2BB2E0011CF5C /* Debug */,
				7FD3009B24C2BB2E0011CF5C /* Release */,
			);
			defaultConfigurationIsVisible = 0;
			defaultConfigurationName = Release;
		};
		7FD3009C24C2BB2E0011CF5C /* Build configuration list for PBXNativeTarget "DexTests" */ = {
			isa = XCConfigurationList;
			buildConfigurations = (
				7FD3009D24C2BB2E0011CF5C /* Debug */,
				7FD3009E24C2BB2E0011CF5C /* Release */,
			);
			defaultConfigurationIsVisible = 0;
			defaultConfigurationName = Release;
		};
		7FD3009F24C2BB2E0011CF5C /* Build configuration list for PBXNativeTarget "DexUITests" */ = {
			isa = XCConfigurationList;
			buildConfigurations = (
				7FD300A024C2BB2E0011CF5C /* Debug */,
				7FD300A124C2BB2E0011CF5C /* Release */,
			);
			defaultConfigurationIsVisible = 0;
			defaultConfigurationName = Release;
		};
/* End XCConfigurationList section */
	};
	rootObject = 7FD3006C24C2BB2A0011CF5C /* Project object */;
}
