{
  "pins" : [
    {
      "identity" : "keyboardtoolbar",
      "kind" : "remoteSourceControl",
      "location" : "https://github.com/cameronshemilt/KeyboardToolbar",
      "state" : {
        "branch" : "main",
        "revision" : "a00bf2330b33e993b4ebb7fd6b6f0d2780188d83"
      }
    },
    {
      "identity" : "unsplashswiftui",
      "kind" : "remoteSourceControl",
      "location" : "https://github.com/ArnavMotwani/UnsplashSwiftUI.git",
      "state" : {
        "branch" : "main",
        "revision" : "65b7f920e9c77a471505636c7ec743e0715e5559"
      }
    }
  ],
  "version" : 2
}
